lockfileVersion: '9.0'

settings:
  autoInstallPeers: true
  excludeLinksFromLockfile: false

importers:

  .:
    dependencies:
      '@noble/curves':
        specifier: ^2.0.1
        version: 2.0.1
      hono:
        specifier: ^4.9.9
        version: 4.9.9
      libp2p:
        specifier: ^3.0.3
        version: 3.0.3
      pouchdb-browser:
        specifier: ^9.0.0
        version: 9.0.0
    devDependencies:
      typescript:
        specifier: ^5.9.3
        version: 5.9.3

packages:

  '@chainsafe/is-ip@2.1.0':
    resolution: {integrity: sha512-KIjt+6IfysQ4GCv66xihEitBjvhU/bixbbbFxdJ1sqCp4uJ0wuZiYBPhksZoy4lfaF0k9cwNzY5upEW/VWdw3w==}

  '@chainsafe/netmask@2.0.0':
    resolution: {integrity: sha512-I3Z+6SWUoaljh3TBzCnCxjlUyN8tA+NAk5L6m9IxvCf1BENQTePzPMis97CoN/iMW1St3WN+AWCCRp+TTBRiDg==}

  '@leichtgewicht/ip-codec@2.0.5':
    resolution: {integrity: sha512-Vo+PSpZG2/fmgmiNzYK9qWRh8h/CHrwD0mo1h1DzL4yzHNSfWYujGTYsWGreD000gcgmZ7K4Ys6Tx9TxtsKdDw==}

  '@libp2p/crypto@5.1.10':
    resolution: {integrity: sha512-kfQwQUV4iLV9tE7C6IjUd61XWEIrg4WBqGIDjeMoUhRPDGQ3z+eIIuIEaBRDEXr8nWd0YZuCprN1AunajHmbfg==}

  '@libp2p/interface-internal@3.0.2':
    resolution: {integrity: sha512-Rq9/YeqfFT7HuO/WdDLFXRQ211I0LN2gzWITtbAl0n4IfZG7fSyY9JAQeVJAmARPwr0irZMEHxg2eUcPRwpgIA==}

  '@libp2p/interface@2.11.0':
    resolution: {integrity: sha512-0MUFKoXWHTQW3oWIgSHApmYMUKWO/Y02+7Hpyp+n3z+geD4Xo2Rku2gYWmxcq+Pyjkz6Q9YjDWz3Yb2SoV2E8Q==}

  '@libp2p/interface@3.0.0':
    resolution: {integrity: sha512-fiHoXGUDiaZeksSm+Chf4/tuUynQuDWtadrbqDFxq0nJ5Q7aHPgsmJba7xSfELcqfQCTp00a31FQvXWSk7Oigg==}

  '@libp2p/logger@5.2.0':
    resolution: {integrity: sha512-OEFS529CnIKfbWEHmuCNESw9q0D0hL8cQ8klQfjIVPur15RcgAEgc1buQ7Y6l0B6tCYg120bp55+e9tGvn8c0g==}

  '@libp2p/logger@6.0.2':
    resolution: {integrity: sha512-2pMZ20+HKPd+ktmJ9AUdtn1Hy8ltp5MF8/5Uo/zoYRR5lF4lioRtkWxRBKxO8uBZp2A7KnMNbQpdJwZn2QGQGw==}

  '@libp2p/multistream-select@7.0.2':
    resolution: {integrity: sha512-mD3gAqe//oitATnFqQTC8uaEQXUv/bWcP5TkxlT964hAbV/rtnA0+sYLFtWMdI7tL5Va6rxOofE9S6guMSDIfw==}

  '@libp2p/peer-collections@7.0.2':
    resolution: {integrity: sha512-Zj2mr6AZRqkn+v7fRusWL8MGFIjDUAQCnSvZVDJd1QY64ZPAACah3fJVCeXcxy9Lrf/SkBm2SaelWgkzBVCSPg==}

  '@libp2p/peer-id@6.0.1':
    resolution: {integrity: sha512-1oZgQrSP/zpe1mSRxGgqoZUkfgThrrwJ/kP562xQb8wglyWm9Ro5zh8Rcj4lcXq+Qsz1PkHZkMnea/tquf33hQ==}

  '@libp2p/peer-record@9.0.1':
    resolution: {integrity: sha512-/S0v7mBYduFmnQdTBwpXK+Cuk/EItEjn/IRV0eWQ72KbgYxXcq0sU+PTr0CRRFSVIL0NXobEj/xfVPigR/HtNQ==}

  '@libp2p/peer-store@12.0.2':
    resolution: {integrity: sha512-KlRMBDIiYQ0lH/OqdxzSuyQB21GWmuTtkiEWcBHR3dIck7mEXZUYCfXT5EK3WdLbVTS3nMa8INGowAe3p5gGyg==}

  '@libp2p/utils@7.0.2':
    resolution: {integrity: sha512-oc0N0tm8A5jP4Str4IBFTcgKp5kEoZ5/ap2uLRJ5CkevKOoSN4djBXFfzYGiC6H3UScUaEsxOIULHy70mP26wQ==}

  '@multiformats/dns@1.0.9':
    resolution: {integrity: sha512-Ja4hevWI9p96ICx11K3suFvFirnMmXILzS7FpsR2KG3FoKF/XJijm8ylf3vY6kRFGr98yfZYM+zIn18KaINs3A==}

  '@multiformats/multiaddr-matcher@3.0.1':
    resolution: {integrity: sha512-jvjwzCPysVTQ53F4KqwmcqZw73BqHMk0UUZrMP9P4OtJ/YHrfs122ikTqhVA2upe0P/Qz9l8HVlhEifVYB2q9A==}

  '@multiformats/multiaddr@12.5.1':
    resolution: {integrity: sha512-+DDlr9LIRUS8KncI1TX/FfUn8F2dl6BIxJgshS/yFQCNB5IAF0OGzcwB39g5NLE22s4qqDePv0Qof6HdpJ/4aQ==}

  '@multiformats/multiaddr@13.0.1':
    resolution: {integrity: sha512-XToN915cnfr6Lr9EdGWakGJbPT0ghpg/850HvdC+zFX8XvpLZElwa8synCiwa8TuvKNnny6m8j8NVBNCxhIO3g==}

  '@noble/curves@2.0.1':
    resolution: {integrity: sha512-vs1Az2OOTBiP4q0pwjW5aF0xp9n4MxVrmkFBxc6EKZc6ddYx5gaZiAsZoq0uRRXWbi3AT/sBqn05eRPtn1JCPw==}
    engines: {node: '>= 20.19.0'}

  '@noble/hashes@2.0.1':
    resolution: {integrity: sha512-XlOlEbQcE9fmuXxrVTXCTlG2nlRXa9Rj3rr5Ue/+tX+nmkgbX720YHh0VR3hBF9xDvwnb8D2shVGOwNx+ulArw==}
    engines: {node: '>= 20.19.0'}

  '@sindresorhus/fnv1a@3.1.0':
    resolution: {integrity: sha512-KV321z5m/0nuAg83W1dPLy85HpHDk7Sdi4fJbwvacWsEhAh+rZUW4ZfGcXmUIvjZg4ss2bcwNlRhJ7GBEUG08w==}
    engines: {node: ^12.20.0 || ^14.13.1 || >=16.0.0}

  abort-error@1.0.1:
    resolution: {integrity: sha512-fxqCblJiIPdSXIUrxI0PL+eJG49QdP9SQ70qtB65MVAoMr2rASlOyAbJFOylfB467F/f+5BCLJJq58RYi7mGfg==}

  any-signal@4.1.1:
    resolution: {integrity: sha512-iADenERppdC+A2YKbOXXB2WUeABLaM6qnpZ70kZbPZ1cZMMJ7eF+3CaYm+/PhBizgkzlvssC7QuHS30oOiQYWA==}
    engines: {node: '>=16.0.0', npm: '>=7.0.0'}

  base64-js@1.5.1:
    resolution: {integrity: sha512-AKpaYlHn8t4SVbOHCy+b5+KKgvR4vrsD8vbvrbiQJps7fKDTkjkDry6ji0rUJjC0kzbNePLwzxq8iypo41qeWA==}

  buffer@6.0.3:
    resolution: {integrity: sha512-FTiCpNxtwiZZHEZbcbTIcZjERVICn9yq/pDFkTl95/AxzD1naBctN7YO68riM/gLSDY7sdrMby8hofADYuuqOA==}

  cborg@4.2.15:
    resolution: {integrity: sha512-T+YVPemWyXcBVQdp0k61lQp2hJniRNmul0lAwTj2DTS/6dI4eCq/MRMucGqqvFqMBfmnD8tJ9aFtPu5dEGAbgw==}
    hasBin: true

  datastore-core@10.0.4:
    resolution: {integrity: sha512-IctgCO0GA7GHG7aRm3JRruibCsfvN4EXNnNIlLCZMKIv0TPkdAL5UFV3/xTYFYrrZ1jRNrXZNZRvfcVf/R+rAw==}

  delay@6.0.0:
    resolution: {integrity: sha512-2NJozoOHQ4NuZuVIr5CWd0iiLVIRSDepakaovIN+9eIDHEhdCAEvSy2cuf1DCrPPQLvHmbqTHODlhHg8UCy4zw==}
    engines: {node: '>=16'}

  dns-packet@5.6.1:
    resolution: {integrity: sha512-l4gcSouhcgIKRvyy99RNVOgxXiicE+2jZoNmaNmZ6JXiGajBOJAesk1OBlJuM5k2c+eudGdLxDqXuPCKIj6kpw==}
    engines: {node: '>=6'}

  eventemitter3@5.0.1:
    resolution: {integrity: sha512-GWkBvjiSZK87ELrYOSESUYeVIc9mvLLf/nXalMOS5dYrgZq9o5OVkbZAVM06CVxYsCwH9BDZFPlQTlPA1j4ahA==}

  hashlru@2.3.0:
    resolution: {integrity: sha512-0cMsjjIC8I+D3M44pOQdsy0OHXGLVz6Z0beRuufhKa0KfaD2wGwAev6jILzXsd3/vpnNQJmWyZtIILqM1N+n5A==}

  hono@4.9.9:
    resolution: {integrity: sha512-Hxw4wT6zjJGZJdkJzAx9PyBdf7ZpxaTSA0NfxqjLghwMrLBX8p33hJBzoETRakF3UJu6OdNQBZAlNSkGqKFukw==}
    engines: {node: '>=16.9.0'}

  ieee754@1.2.1:
    resolution: {integrity: sha512-dcyqhDvX1C46lXZcVqCpK+FtMRQVdIMN6/Df5js2zouUsqG7I6sFxitIC+7KYK29KdXOLHdu9zL4sFnoVQnqaA==}

  interface-datastore@8.3.2:
    resolution: {integrity: sha512-R3NLts7pRbJKc3qFdQf+u40hK8XWc0w4Qkx3OFEstC80VoaDUABY/dXA2EJPhtNC+bsrf41Ehvqb6+pnIclyRA==}

  interface-store@6.0.3:
    resolution: {integrity: sha512-+WvfEZnFUhRwFxgz+QCQi7UC6o9AM0EHM9bpIe2Nhqb100NHCsTvNAn4eJgvgV2/tmLo1MP9nGxQKEcZTAueLA==}

  is-loopback-addr@2.0.2:
    resolution: {integrity: sha512-26POf2KRCno/KTNL5Q0b/9TYnL00xEsSaLfiFRmjM7m7Lw7ZMmFybzzuX4CcsLAluZGd+niLUiMRxEooVE3aqg==}

  is-network-error@1.3.0:
    resolution: {integrity: sha512-6oIwpsgRfnDiyEDLMay/GqCl3HoAtH5+RUKW29gYkL0QA+ipzpDLA16yQs7/RHCSu+BwgbJaOUqa4A99qNVQVw==}
    engines: {node: '>=16'}

  it-all@3.0.9:
    resolution: {integrity: sha512-fz1oJJ36ciGnu2LntAlE6SA97bFZpW7Rnt0uEc1yazzR2nKokZLr8lIRtgnpex4NsmaBcvHF+Z9krljWFy/mmg==}

  it-drain@3.0.10:
    resolution: {integrity: sha512-0w/bXzudlyKIyD1+rl0xUKTI7k4cshcS43LTlBiGFxI8K1eyLydNPxGcsVLsFVtKh1/ieS8AnVWt6KwmozxyEA==}

  it-filter@3.1.4:
    resolution: {integrity: sha512-80kWEKgiFEa4fEYD3mwf2uygo1dTQ5Y5midKtL89iXyjinruA/sNXl6iFkTcdNedydjvIsFhWLiqRPQP4fAwWQ==}

  it-length-prefixed@10.0.1:
    resolution: {integrity: sha512-BhyluvGps26u9a7eQIpOI1YN7mFgi8lFwmiPi07whewbBARKAG9LE09Odc8s1Wtbt2MB6rNUrl7j9vvfXTJwdQ==}
    engines: {node: '>=16.0.0', npm: '>=7.0.0'}

  it-map@3.1.4:
    resolution: {integrity: sha512-QB9PYQdE9fUfpVFYfSxBIyvKynUCgblb143c+ktTK6ZuKSKkp7iH58uYFzagqcJ5HcqIfn1xbfaralHWam+3fg==}

  it-merge@3.0.12:
    resolution: {integrity: sha512-nnnFSUxKlkZVZD7c0jYw6rDxCcAQYcMsFj27thf7KkDhpj0EA0g9KHPxbFzHuDoc6US2EPS/MtplkNj8sbCx4Q==}

  it-parallel@3.0.13:
    resolution: {integrity: sha512-85PPJ/O8q97Vj9wmDTSBBXEkattwfQGruXitIzrh0RLPso6RHfiVqkuTqBNufYYtB1x6PSkh0cwvjmMIkFEPHA==}

  it-peekable@3.0.8:
    resolution: {integrity: sha512-7IDBQKSp/dtBxXV3Fj0v3qM1jftJ9y9XrWLRIuU1X6RdKqWiN60syNwP0fiDxZD97b8SYM58dD3uklIk1TTQAw==}

  it-pipe@3.0.1:
    resolution: {integrity: sha512-sIoNrQl1qSRg2seYSBH/3QxWhJFn9PKYvOf/bHdtCBF0bnghey44VyASsWzn5dAx0DCDDABq1hZIuzKmtBZmKA==}
    engines: {node: '>=16.0.0', npm: '>=7.0.0'}

  it-pushable@3.2.3:
    resolution: {integrity: sha512-gzYnXYK8Y5t5b/BnJUr7glfQLO4U5vyb05gPx/TyTw+4Bv1zM9gFk4YsOrnulWefMewlphCjKkakFvj1y99Tcg==}

  it-queue@1.1.0:
    resolution: {integrity: sha512-aK9unJRIaJc9qiv53LByhF7/I2AuD7Ro4oLfLieVLL9QXNvRx++ANMpv8yCp2UO0KAtBuf70GOxSYb6ElFVRpQ==}

  it-queueless-pushable@2.0.2:
    resolution: {integrity: sha512-2BqIt7XvDdgEgudLAdJkdseAwbVSBc0yAd8yPVHrll4eBuJPWIj9+8C3OIxzEKwhswLtd3bi+yLrzgw9gCyxMA==}

  it-reader@6.0.4:
    resolution: {integrity: sha512-XCWifEcNFFjjBHtor4Sfaj8rcpt+FkY0L6WdhD578SCDhV4VUm7fCkF3dv5a+fTcfQqvN9BsxBTvWbYO6iCjTg==}
    engines: {node: '>=16.0.0', npm: '>=7.0.0'}

  it-sort@3.0.9:
    resolution: {integrity: sha512-jsM6alGaPiQbcAJdzMsuMh00uJcI+kD9TBoScB8TR75zUFOmHvhSsPi+Dmh2zfVkcoca+14EbfeIZZXTUGH63w==}

  it-stream-types@2.0.2:
    resolution: {integrity: sha512-Rz/DEZ6Byn/r9+/SBCuJhpPATDF9D+dz5pbgSUyBsCDtza6wtNATrz/jz1gDyNanC3XdLboriHnOC925bZRBww==}

  it-take@3.0.9:
    resolution: {integrity: sha512-XMeUbnjOcgrhFXPUqa7H0VIjYSV/BvyxxjCp76QHVAFDJw2LmR1SHxUFiqyGeobgzJr7P2ZwSRRJQGn4D2BVlA==}

  libp2p@3.0.3:
    resolution: {integrity: sha512-3CysvIrBa/tX2qHP0D2F004bMfbP8llC6TBAHL8hkgCT03q7LuRsIHtGFLLrNXl6XgUf27IhFTU/pC3g4zoCzw==}

  main-event@1.0.1:
    resolution: {integrity: sha512-NWtdGrAca/69fm6DIVd8T9rtfDII4Q8NQbIbsKQq2VzS9eqOGYs8uaNQjcuaCq/d9H/o625aOTJX2Qoxzqw0Pw==}

  mortice@3.3.1:
    resolution: {integrity: sha512-t3oESfijIPGsmsdLEKjF+grHfrbnKSXflJtgb1wY14cjxZpS6GnhHRXTxxzCAoCCnq1YYfpEPwY3gjiCPhOufQ==}

  ms@3.0.0-canary.202508261828:
    resolution: {integrity: sha512-NotsCoUCIUkojWCzQff4ttdCfIPoA1UGZsyQbi7KmqkNRfKCrvga8JJi2PknHymHOuor0cJSn/ylj52Cbt2IrQ==}
    engines: {node: '>=18'}

  multiformats@13.4.1:
    resolution: {integrity: sha512-VqO6OSvLrFVAYYjgsr8tyv62/rCQhPgsZUXLTqoFLSgdkgiUYKYeArbt1uWLlEpkjxQe+P0+sHlbPEte1Bi06Q==}

  netmask@2.0.2:
    resolution: {integrity: sha512-dBpDMdxv9Irdq66304OLfEmQ9tbNRFnFTuZiLo+bD+r332bBmMJ8GBLXklIXXgxd3+v9+KUnZaUR5PJMa75Gsg==}
    engines: {node: '>= 0.4.0'}

  p-defer@4.0.1:
    resolution: {integrity: sha512-Mr5KC5efvAK5VUptYEIopP1bakB85k2IWXaRC0rsh1uwn1L6M0LVml8OIQ4Gudg4oyZakf7FmeRLkMMtZW1i5A==}
    engines: {node: '>=12'}

  p-event@7.0.0:
    resolution: {integrity: sha512-z4Xv/ieHhi6Dx3A5xbZI8WWTn+eSRo6buGTvA8Yv2iLyX+61SUIMKcBszZRHA6e2Apld6QEDSclAuha2iUntyA==}
    engines: {node: '>=20'}

  p-queue@8.1.1:
    resolution: {integrity: sha512-aNZ+VfjobsWryoiPnEApGGmf5WmNsCo9xu8dfaYamG5qaLP7ClhLN6NgsFe6SwJ2UbLEBK5dv9x8Mn5+RVhMWQ==}
    engines: {node: '>=18'}

  p-retry@7.0.0:
    resolution: {integrity: sha512-3BgO9rjULJYyr0Y0pcsG7FZ+7JB/hfOODO8kx9ppumiO5jprUF92WK/Y7Q0xppZtq4VhTcPiVq7qWLQfIV5aKQ==}
    engines: {node: '>=20'}

  p-timeout@6.1.4:
    resolution: {integrity: sha512-MyIV3ZA/PmyBN/ud8vV9XzwTrNtR4jFrObymZYnZqMmW0zA8Z17vnT0rBgFE/TlohB+YCHqXMgZzb3Csp49vqg==}
    engines: {node: '>=14.16'}

  pouchdb-browser@9.0.0:
    resolution: {integrity: sha512-0uKFWhsTtiVOF0+aGo7mvtCTP40f6dlsLNmJUvc/lwjsX1C3v+eBfVbvykyxpFl7UTAoJkXl+g/GOzNvyMtV1g==}

  progress-events@1.0.1:
    resolution: {integrity: sha512-MOzLIwhpt64KIVN64h1MwdKWiyKFNc/S6BoYKPIVUHFg0/eIEyBulhWCgn678v/4c0ri3FdGuzXymNCv02MUIw==}

  protons-runtime@5.6.0:
    resolution: {integrity: sha512-/Kde+sB9DsMFrddJT/UZWe6XqvL7SL5dbag/DBCElFKhkwDj7XKt53S+mzLyaDP5OqS0wXjV5SA572uWDaT0Hg==}

  race-event@1.6.1:
    resolution: {integrity: sha512-vi7WH5g5KoTFpu2mme/HqZiWH14XSOtg5rfp6raBskBHl7wnmy3F/biAIyY5MsK+BHWhoPhxtZ1Y2R7OHHaWyQ==}

  race-signal@1.1.3:
    resolution: {integrity: sha512-Mt2NznMgepLfORijhQMncE26IhkmjEphig+/1fKC0OtaKwys/gpvpmswSjoN01SS+VO951mj0L4VIDXdXsjnfA==}

  race-signal@2.0.0:
    resolution: {integrity: sha512-P31bLhE4ByBX/70QDXMutxnqgwrF1WUXea1O8DXuviAgkdbQ1iQMQotNgzJIBC9yUSn08u/acZrMUhgw7w6GpA==}

  spark-md5@3.0.2:
    resolution: {integrity: sha512-wcFzz9cDfbuqe0FZzfi2or1sgyIrsDwmPwfZC4hiNidPdPINjeUwNfv5kldczoEAcjl9Y1L3SM7Uz2PUEQzxQw==}

  supports-color@10.2.2:
    resolution: {integrity: sha512-SS+jx45GF1QjgEXQx4NJZV9ImqmO2NPz5FNsIHrsDjh2YsHnawpan7SNQ1o8NuhrbHZy9AZhIoCUiCeaW/C80g==}
    engines: {node: '>=18'}

  typescript@5.9.3:
    resolution: {integrity: sha512-jl1vZzPDinLr9eUt3J/t7V6FgNEw9QjvBPdysz9KfQDD41fQrC2Y4vKQdiaUpFT4bXlb1RHhLpp8wtm6M5TgSw==}
    engines: {node: '>=14.17'}
    hasBin: true

  uint8-varint@2.0.4:
    resolution: {integrity: sha512-FwpTa7ZGA/f/EssWAb5/YV6pHgVF1fViKdW8cWaEarjB8t7NyofSWBdOTyFPaGuUG4gx3v1O3PQ8etsiOs3lcw==}

  uint8arraylist@2.4.8:
    resolution: {integrity: sha512-vc1PlGOzglLF0eae1M8mLRTBivsvrGsdmJ5RbK3e+QRvRLOZfZhQROTwH/OfyF3+ZVUg9/8hE8bmKP2CvP9quQ==}

  uint8arrays@5.1.0:
    resolution: {integrity: sha512-vA6nFepEmlSKkMBnLBaUMVvAC4G3CTmO58C12y4sq6WPDOR7mOFYOi7GlrQ4djeSbP6JG9Pv9tJDM97PedRSww==}

  uuid@8.3.2:
    resolution: {integrity: sha512-+NYs2QeMWy+GWFOEm9xnn6HCDp0l7QBD7ml8zLUmJ+93Q5NF0NocErnwkTkXVFNiX3/fpC6afS8Dhb/gz7R7eg==}
    hasBin: true

  vuvuzela@1.0.3:
    resolution: {integrity: sha512-Tm7jR1xTzBbPW+6y1tknKiEhz04Wf/1iZkcTJjSFcpNko43+dFW6+OOeQe9taJIug3NdfUAjFKgUSyQrIKaDvQ==}

  weald@1.0.6:
    resolution: {integrity: sha512-sX1PzkcMJZUJ848JbFzB6aKHHglTxqACEnq2KgI75b7vWYvfXFBNbOuDKqFKwCT44CrP6c5r+L4+5GmPnb5/SQ==}

snapshots:

  '@chainsafe/is-ip@2.1.0': {}

  '@chainsafe/netmask@2.0.0':
    dependencies:
      '@chainsafe/is-ip': 2.1.0

  '@leichtgewicht/ip-codec@2.0.5': {}

  '@libp2p/crypto@5.1.10':
    dependencies:
      '@libp2p/interface': 3.0.0
      '@noble/curves': 2.0.1
      '@noble/hashes': 2.0.1
      multiformats: 13.4.1
      protons-runtime: 5.6.0
      uint8arraylist: 2.4.8
      uint8arrays: 5.1.0

  '@libp2p/interface-internal@3.0.2':
    dependencies:
      '@libp2p/interface': 3.0.0
      '@libp2p/peer-collections': 7.0.2
      '@multiformats/multiaddr': 13.0.1
      progress-events: 1.0.1

  '@libp2p/interface@2.11.0':
    dependencies:
      '@multiformats/dns': 1.0.9
      '@multiformats/multiaddr': 12.5.1
      it-pushable: 3.2.3
      it-stream-types: 2.0.2
      main-event: 1.0.1
      multiformats: 13.4.1
      progress-events: 1.0.1
      uint8arraylist: 2.4.8

  '@libp2p/interface@3.0.0':
    dependencies:
      '@multiformats/dns': 1.0.9
      '@multiformats/multiaddr': 13.0.1
      main-event: 1.0.1
      multiformats: 13.4.1
      progress-events: 1.0.1
      uint8arraylist: 2.4.8

  '@libp2p/logger@5.2.0':
    dependencies:
      '@libp2p/interface': 2.11.0
      '@multiformats/multiaddr': 12.5.1
      interface-datastore: 8.3.2
      multiformats: 13.4.1
      weald: 1.0.6

  '@libp2p/logger@6.0.2':
    dependencies:
      '@libp2p/interface': 3.0.0
      '@multiformats/multiaddr': 13.0.1
      interface-datastore: 8.3.2
      multiformats: 13.4.1
      weald: 1.0.6

  '@libp2p/multistream-select@7.0.2':
    dependencies:
      '@libp2p/interface': 3.0.0
      '@libp2p/utils': 7.0.2
      it-length-prefixed: 10.0.1
      uint8arraylist: 2.4.8
      uint8arrays: 5.1.0

  '@libp2p/peer-collections@7.0.2':
    dependencies:
      '@libp2p/interface': 3.0.0
      '@libp2p/peer-id': 6.0.1
      '@libp2p/utils': 7.0.2
      multiformats: 13.4.1

  '@libp2p/peer-id@6.0.1':
    dependencies:
      '@libp2p/crypto': 5.1.10
      '@libp2p/interface': 3.0.0
      multiformats: 13.4.1
      uint8arrays: 5.1.0

  '@libp2p/peer-record@9.0.1':
    dependencies:
      '@libp2p/crypto': 5.1.10
      '@libp2p/interface': 3.0.0
      '@libp2p/peer-id': 6.0.1
      '@multiformats/multiaddr': 13.0.1
      multiformats: 13.4.1
      protons-runtime: 5.6.0
      uint8-varint: 2.0.4
      uint8arraylist: 2.4.8
      uint8arrays: 5.1.0

  '@libp2p/peer-store@12.0.2':
    dependencies:
      '@libp2p/crypto': 5.1.10
      '@libp2p/interface': 3.0.0
      '@libp2p/peer-collections': 7.0.2
      '@libp2p/peer-id': 6.0.1
      '@libp2p/peer-record': 9.0.1
      '@multiformats/multiaddr': 13.0.1
      interface-datastore: 8.3.2
      it-all: 3.0.9
      main-event: 1.0.1
      mortice: 3.3.1
      multiformats: 13.4.1
      protons-runtime: 5.6.0
      uint8arraylist: 2.4.8
      uint8arrays: 5.1.0

  '@libp2p/utils@7.0.2':
    dependencies:
      '@chainsafe/is-ip': 2.1.0
      '@chainsafe/netmask': 2.0.0
      '@libp2p/crypto': 5.1.10
      '@libp2p/interface': 3.0.0
      '@libp2p/logger': 6.0.2
      '@multiformats/multiaddr': 13.0.1
      '@sindresorhus/fnv1a': 3.1.0
      any-signal: 4.1.1
      cborg: 4.2.15
      delay: 6.0.0
      is-loopback-addr: 2.0.2
      it-length-prefixed: 10.0.1
      it-pipe: 3.0.1
      it-pushable: 3.2.3
      it-stream-types: 2.0.2
      main-event: 1.0.1
      netmask: 2.0.2
      p-defer: 4.0.1
      p-event: 7.0.0
      race-signal: 2.0.0
      uint8-varint: 2.0.4
      uint8arraylist: 2.4.8
      uint8arrays: 5.1.0

  '@multiformats/dns@1.0.9':
    dependencies:
      buffer: 6.0.3
      dns-packet: 5.6.1
      hashlru: 2.3.0
      p-queue: 8.1.1
      progress-events: 1.0.1
      uint8arrays: 5.1.0

  '@multiformats/multiaddr-matcher@3.0.1':
    dependencies:
      '@multiformats/multiaddr': 13.0.1

  '@multiformats/multiaddr@12.5.1':
    dependencies:
      '@chainsafe/is-ip': 2.1.0
      '@chainsafe/netmask': 2.0.0
      '@multiformats/dns': 1.0.9
      abort-error: 1.0.1
      multiformats: 13.4.1
      uint8-varint: 2.0.4
      uint8arrays: 5.1.0

  '@multiformats/multiaddr@13.0.1':
    dependencies:
      '@chainsafe/is-ip': 2.1.0
      multiformats: 13.4.1
      uint8-varint: 2.0.4
      uint8arrays: 5.1.0

  '@noble/curves@2.0.1':
    dependencies:
      '@noble/hashes': 2.0.1

  '@noble/hashes@2.0.1': {}

  '@sindresorhus/fnv1a@3.1.0': {}

  abort-error@1.0.1: {}

  any-signal@4.1.1: {}

  base64-js@1.5.1: {}

  buffer@6.0.3:
    dependencies:
      base64-js: 1.5.1
      ieee754: 1.2.1

  cborg@4.2.15: {}

  datastore-core@10.0.4:
    dependencies:
      '@libp2p/logger': 5.2.0
      interface-datastore: 8.3.2
      interface-store: 6.0.3
      it-drain: 3.0.10
      it-filter: 3.1.4
      it-map: 3.1.4
      it-merge: 3.0.12
      it-pipe: 3.0.1
      it-sort: 3.0.9
      it-take: 3.0.9

  delay@6.0.0: {}

  dns-packet@5.6.1:
    dependencies:
      '@leichtgewicht/ip-codec': 2.0.5

  eventemitter3@5.0.1: {}

  hashlru@2.3.0: {}

  hono@4.9.9: {}

  ieee754@1.2.1: {}

  interface-datastore@8.3.2:
    dependencies:
      interface-store: 6.0.3
      uint8arrays: 5.1.0

  interface-store@6.0.3: {}

  is-loopback-addr@2.0.2: {}

  is-network-error@1.3.0: {}

  it-all@3.0.9: {}

  it-drain@3.0.10: {}

  it-filter@3.1.4:
    dependencies:
      it-peekable: 3.0.8

  it-length-prefixed@10.0.1:
    dependencies:
      it-reader: 6.0.4
      it-stream-types: 2.0.2
      uint8-varint: 2.0.4
      uint8arraylist: 2.4.8
      uint8arrays: 5.1.0

  it-map@3.1.4:
    dependencies:
      it-peekable: 3.0.8

  it-merge@3.0.12:
    dependencies:
      it-queueless-pushable: 2.0.2

  it-parallel@3.0.13:
    dependencies:
      p-defer: 4.0.1

  it-peekable@3.0.8: {}

  it-pipe@3.0.1:
    dependencies:
      it-merge: 3.0.12
      it-pushable: 3.2.3
      it-stream-types: 2.0.2

  it-pushable@3.2.3:
    dependencies:
      p-defer: 4.0.1

  it-queue@1.1.0:
    dependencies:
      abort-error: 1.0.1
      it-pushable: 3.2.3
      main-event: 1.0.1
      race-event: 1.6.1
      race-signal: 1.1.3

  it-queueless-pushable@2.0.2:
    dependencies:
      abort-error: 1.0.1
      p-defer: 4.0.1
      race-signal: 1.1.3

  it-reader@6.0.4:
    dependencies:
      it-stream-types: 2.0.2
      uint8arraylist: 2.4.8

  it-sort@3.0.9:
    dependencies:
      it-all: 3.0.9

  it-stream-types@2.0.2: {}

  it-take@3.0.9: {}

  libp2p@3.0.3:
    dependencies:
      '@chainsafe/is-ip': 2.1.0
      '@chainsafe/netmask': 2.0.0
      '@libp2p/crypto': 5.1.10
      '@libp2p/interface': 3.0.0
      '@libp2p/interface-internal': 3.0.2
      '@libp2p/logger': 6.0.2
      '@libp2p/multistream-select': 7.0.2
      '@libp2p/peer-collections': 7.0.2
      '@libp2p/peer-id': 6.0.1
      '@libp2p/peer-store': 12.0.2
      '@libp2p/utils': 7.0.2
      '@multiformats/dns': 1.0.9
      '@multiformats/multiaddr': 13.0.1
      '@multiformats/multiaddr-matcher': 3.0.1
      any-signal: 4.1.1
      datastore-core: 10.0.4
      interface-datastore: 8.3.2
      it-merge: 3.0.12
      it-parallel: 3.0.13
      main-event: 1.0.1
      multiformats: 13.4.1
      p-defer: 4.0.1
      p-event: 7.0.0
      p-retry: 7.0.0
      progress-events: 1.0.1
      race-signal: 2.0.0
      uint8arrays: 5.1.0

  main-event@1.0.1: {}

  mortice@3.3.1:
    dependencies:
      abort-error: 1.0.1
      it-queue: 1.1.0
      main-event: 1.0.1

  ms@3.0.0-canary.202508261828: {}

  multiformats@13.4.1: {}

  netmask@2.0.2: {}

  p-defer@4.0.1: {}

  p-event@7.0.0:
    dependencies:
      p-timeout: 6.1.4

  p-queue@8.1.1:
    dependencies:
      eventemitter3: 5.0.1
      p-timeout: 6.1.4

  p-retry@7.0.0:
    dependencies:
      is-network-error: 1.3.0

  p-timeout@6.1.4: {}

  pouchdb-browser@9.0.0:
    dependencies:
      spark-md5: 3.0.2
      uuid: 8.3.2
      vuvuzela: 1.0.3

  progress-events@1.0.1: {}

  protons-runtime@5.6.0:
    dependencies:
      uint8-varint: 2.0.4
      uint8arraylist: 2.4.8
      uint8arrays: 5.1.0

  race-event@1.6.1:
    dependencies:
      abort-error: 1.0.1

  race-signal@1.1.3: {}

  race-signal@2.0.0: {}

  spark-md5@3.0.2: {}

  supports-color@10.2.2: {}

  typescript@5.9.3: {}

  uint8-varint@2.0.4:
    dependencies:
      uint8arraylist: 2.4.8
      uint8arrays: 5.1.0

  uint8arraylist@2.4.8:
    dependencies:
      uint8arrays: 5.1.0

  uint8arrays@5.1.0:
    dependencies:
      multiformats: 13.4.1

  uuid@8.3.2: {}

  vuvuzela@1.0.3: {}

  weald@1.0.6:
    dependencies:
      ms: 3.0.0-canary.202508261828
      supports-color: 10.2.2
