{
  "lockfileVersion": 1,
  "workspaces": {
    "": {
      "name": "relay",
      "dependencies": {
        "@libp2p/autonat": "^3.0.9",
        "@libp2p/circuit-relay-v2": "^4.1.2",
        "@libp2p/identify": "^4.0.9",
        "@libp2p/webrtc-star-signalling-server": "^4.0.0",
        "@libp2p/websockets": "^10.1.2",
        "@multiformats/multiaddr": "^13.0.1",
        "libp2p": "^3.1.2",
      },
      "devDependencies": {
        "@biomejs/biome": "2.3.8",
        "@types/bun": "latest",
      },
      "peerDependencies": {
        "typescript": "^5",
      },
    },
  },
  "packages": {
    "@biomejs/biome": ["@biomejs/biome@2.3.8", "", { "optionalDependencies": { "@biomejs/cli-darwin-arm64": "2.3.8", "@biomejs/cli-darwin-x64": "2.3.8", "@biomejs/cli-linux-arm64": "2.3.8", "@biomejs/cli-linux-arm64-musl": "2.3.8", "@biomejs/cli-linux-x64": "2.3.8", "@biomejs/cli-linux-x64-musl": "2.3.8", "@biomejs/cli-win32-arm64": "2.3.8", "@biomejs/cli-win32-x64": "2.3.8" }, "bin": { "biome": "bin/biome" } }, "sha512-Qjsgoe6FEBxWAUzwFGFrB+1+M8y/y5kwmg5CHac+GSVOdmOIqsAiXM5QMVGZJ1eCUCLlPZtq4aFAQ0eawEUuUA=="],

    "@biomejs/cli-darwin-arm64": ["@biomejs/cli-darwin-arm64@2.3.8", "", { "os": "darwin", "cpu": "arm64" }, "sha512-HM4Zg9CGQ3txTPflxD19n8MFPrmUAjaC7PQdLkugeeC0cQ+PiVrd7i09gaBS/11QKsTDBJhVg85CEIK9f50Qww=="],

    "@biomejs/cli-darwin-x64": ["@biomejs/cli-darwin-x64@2.3.8", "", { "os": "darwin", "cpu": "x64" }, "sha512-lUDQ03D7y/qEao7RgdjWVGCu+BLYadhKTm40HkpJIi6kn8LSv5PAwRlew/DmwP4YZ9ke9XXoTIQDO1vAnbRZlA=="],

    "@biomejs/cli-linux-arm64": ["@biomejs/cli-linux-arm64@2.3.8", "", { "os": "linux", "cpu": "arm64" }, "sha512-Uo1OJnIkJgSgF+USx970fsM/drtPcQ39I+JO+Fjsaa9ZdCN1oysQmy6oAGbyESlouz+rzEckLTF6DS7cWse95g=="],

    "@biomejs/cli-linux-arm64-musl": ["@biomejs/cli-linux-arm64-musl@2.3.8", "", { "os": "linux", "cpu": "arm64" }, "sha512-PShR4mM0sjksUMyxbyPNMxoKFPVF48fU8Qe8Sfx6w6F42verbwRLbz+QiKNiDPRJwUoMG1nPM50OBL3aOnTevA=="],

    "@biomejs/cli-linux-x64": ["@biomejs/cli-linux-x64@2.3.8", "", { "os": "linux", "cpu": "x64" }, "sha512-QDPMD5bQz6qOVb3kiBui0zKZXASLo0NIQ9JVJio5RveBEFgDgsvJFUvZIbMbUZT3T00M/1wdzwWXk4GIh0KaAw=="],

    "@biomejs/cli-linux-x64-musl": ["@biomejs/cli-linux-x64-musl@2.3.8", "", { "os": "linux", "cpu": "x64" }, "sha512-YGLkqU91r1276uwSjiUD/xaVikdxgV1QpsicT0bIA1TaieM6E5ibMZeSyjQ/izBn4tKQthUSsVZacmoJfa3pDA=="],

    "@biomejs/cli-win32-arm64": ["@biomejs/cli-win32-arm64@2.3.8", "", { "os": "win32", "cpu": "arm64" }, "sha512-H4IoCHvL1fXKDrTALeTKMiE7GGWFAraDwBYFquE/L/5r1927Te0mYIGseXi4F+lrrwhSWbSGt5qPFswNoBaCxg=="],

    "@biomejs/cli-win32-x64": ["@biomejs/cli-win32-x64@2.3.8", "", { "os": "win32", "cpu": "x64" }, "sha512-RguzimPoZWtBapfKhKjcWXBVI91tiSprqdBYu7tWhgN8pKRZhw24rFeNZTNf6UiBfjCYCi9eFQs/JzJZIhuK4w=="],

    "@chainsafe/is-ip": ["@chainsafe/is-ip@2.1.0", "", {}, "sha512-KIjt+6IfysQ4GCv66xihEitBjvhU/bixbbbFxdJ1sqCp4uJ0wuZiYBPhksZoy4lfaF0k9cwNzY5upEW/VWdw3w=="],

    "@chainsafe/netmask": ["@chainsafe/netmask@2.0.0", "", { "dependencies": { "@chainsafe/is-ip": "^2.0.1" } }, "sha512-I3Z+6SWUoaljh3TBzCnCxjlUyN8tA+NAk5L6m9IxvCf1BENQTePzPMis97CoN/iMW1St3WN+AWCCRp+TTBRiDg=="],

    "@hapi/accept": ["@hapi/accept@6.0.3", "", { "dependencies": { "@hapi/boom": "^10.0.1", "@hapi/hoek": "^11.0.2" } }, "sha512-p72f9k56EuF0n3MwlBNThyVE5PXX40g+aQh+C/xbKrfzahM2Oispv3AXmOIU51t3j77zay1qrX7IIziZXspMlw=="],

    "@hapi/ammo": ["@hapi/ammo@6.0.1", "", { "dependencies": { "@hapi/hoek": "^11.0.2" } }, "sha512-pmL+nPod4g58kXrMcsGLp05O2jF4P2Q3GiL8qYV7nKYEh3cGf+rV4P5Jyi2Uq0agGhVU63GtaSAfBEZOlrJn9w=="],

    "@hapi/b64": ["@hapi/b64@6.0.1", "", { "dependencies": { "@hapi/hoek": "^11.0.2" } }, "sha512-ZvjX4JQReUmBheeCq+S9YavcnMMHWqx3S0jHNXWIM1kQDxB9cyfSycpVvjfrKcIS8Mh5N3hmu/YKo4Iag9g2Kw=="],

    "@hapi/boom": ["@hapi/boom@10.0.1", "", { "dependencies": { "@hapi/hoek": "^11.0.2" } }, "sha512-ERcCZaEjdH3OgSJlyjVk8pHIFeus91CjKP3v+MpgBNp5IvGzP2l/bRiD78nqYcKPaZdbKkK5vDBVPd2ohHBlsA=="],

    "@hapi/bounce": ["@hapi/bounce@3.0.2", "", { "dependencies": { "@hapi/boom": "^10.0.1", "@hapi/hoek": "^11.0.2" } }, "sha512-d0XmlTi3H9HFDHhQLjg4F4auL1EY3Wqj7j7/hGDhFFe6xAbnm3qiGrXeT93zZnPH8gH+SKAFYiRzu26xkXcH3g=="],

    "@hapi/bourne": ["@hapi/bourne@3.0.0", "", {}, "sha512-Waj1cwPXJDucOib4a3bAISsKJVb15MKi9IvmTI/7ssVEm6sywXGjVJDhl6/umt1pK1ZS7PacXU3A1PmFKHEZ2w=="],

    "@hapi/call": ["@hapi/call@9.0.1", "", { "dependencies": { "@hapi/boom": "^10.0.1", "@hapi/hoek": "^11.0.2" } }, "sha512-uPojQRqEL1GRZR4xXPqcLMujQGaEpyVPRyBlD8Pp5rqgIwLhtveF9PkixiKru2THXvuN8mUrLeet5fqxKAAMGg=="],

    "@hapi/catbox": ["@hapi/catbox@12.1.1", "", { "dependencies": { "@hapi/boom": "^10.0.1", "@hapi/hoek": "^11.0.2", "@hapi/podium": "^5.0.0", "@hapi/validate": "^2.0.1" } }, "sha512-hDqYB1J+R0HtZg4iPH3LEnldoaBsar6bYp0EonBmNQ9t5CO+1CqgCul2ZtFveW1ReA5SQuze9GPSU7/aecERhw=="],

    "@hapi/catbox-memory": ["@hapi/catbox-memory@6.0.2", "", { "dependencies": { "@hapi/boom": "^10.0.1", "@hapi/hoek": "^11.0.2" } }, "sha512-H1l4ugoFW/ZRkqeFrIo8p1rWN0PA4MDTfu4JmcoNDvnY975o29mqoZblqFTotxNHlEkMPpIiIBJTV+Mbi+aF0g=="],

    "@hapi/content": ["@hapi/content@6.0.0", "", { "dependencies": { "@hapi/boom": "^10.0.0" } }, "sha512-CEhs7j+H0iQffKfe5Htdak5LBOz/Qc8TRh51cF+BFv0qnuph3Em4pjGVzJMkI2gfTDdlJKWJISGWS1rK34POGA=="],

    "@hapi/cryptiles": ["@hapi/cryptiles@6.0.1", "", { "dependencies": { "@hapi/boom": "^10.0.1" } }, "sha512-9GM9ECEHfR8lk5ASOKG4+4ZsEzFqLfhiryIJ2ISePVB92OHLp/yne4m+zn7z9dgvM98TLpiFebjDFQ0UHcqxXQ=="],

    "@hapi/file": ["@hapi/file@3.0.0", "", {}, "sha512-w+lKW+yRrLhJu620jT3y+5g2mHqnKfepreykvdOcl9/6up8GrQQn+l3FRTsjHTKbkbfQFkuksHpdv2EcpKcJ4Q=="],

    "@hapi/hapi": ["@hapi/hapi@21.4.4", "", { "dependencies": { "@hapi/accept": "^6.0.3", "@hapi/ammo": "^6.0.1", "@hapi/boom": "^10.0.1", "@hapi/bounce": "^3.0.2", "@hapi/call": "^9.0.1", "@hapi/catbox": "^12.1.1", "@hapi/catbox-memory": "^6.0.2", "@hapi/heavy": "^8.0.1", "@hapi/hoek": "^11.0.7", "@hapi/mimos": "^7.0.1", "@hapi/podium": "^5.0.2", "@hapi/shot": "^6.0.2", "@hapi/somever": "^4.1.1", "@hapi/statehood": "^8.2.1", "@hapi/subtext": "^8.1.1", "@hapi/teamwork": "^6.0.1", "@hapi/topo": "^6.0.2", "@hapi/validate": "^2.0.1" } }, "sha512-vI6JPLR99WZDKI1nriD0qXDPp8sKFkZfNVGrDDZafDQ8jU+3ERMwS0vPac5aGae6yyyoGZGOBiYExw4N8ScSTQ=="],

    "@hapi/heavy": ["@hapi/heavy@8.0.1", "", { "dependencies": { "@hapi/boom": "^10.0.1", "@hapi/hoek": "^11.0.2", "@hapi/validate": "^2.0.1" } }, "sha512-gBD/NANosNCOp6RsYTsjo2vhr5eYA3BEuogk6cxY0QdhllkkTaJFYtTXv46xd6qhBVMbMMqcSdtqey+UQU3//w=="],

    "@hapi/hoek": ["@hapi/hoek@11.0.7", "", {}, "sha512-HV5undWkKzcB4RZUusqOpcgxOaq6VOAH7zhhIr2g3G8NF/MlFO75SjOr2NfuSx0Mh40+1FqCkagKLJRykUWoFQ=="],

    "@hapi/inert": ["@hapi/inert@7.1.0", "", { "dependencies": { "@hapi/ammo": "^6.0.1", "@hapi/boom": "^10.0.1", "@hapi/bounce": "^3.0.1", "@hapi/hoek": "^11.0.2", "@hapi/validate": "^2.0.1", "lru-cache": "^7.14.1" } }, "sha512-5X+cl/Ozm0U9uPGGX1dSKhnhTQIf161bH/kkTN9OBVAZKFG+nrj8j/NMj6S1zBBZWmQrkVRNPfCUGrXzB4fCFQ=="],

    "@hapi/iron": ["@hapi/iron@7.0.1", "", { "dependencies": { "@hapi/b64": "^6.0.1", "@hapi/boom": "^10.0.1", "@hapi/bourne": "^3.0.0", "@hapi/cryptiles": "^6.0.1", "@hapi/hoek": "^11.0.2" } }, "sha512-tEZnrOujKpS6jLKliyWBl3A9PaE+ppuL/+gkbyPPDb/l2KSKQyH4lhMkVb+sBhwN+qaxxlig01JRqB8dk/mPxQ=="],

    "@hapi/mimos": ["@hapi/mimos@7.0.1", "", { "dependencies": { "@hapi/hoek": "^11.0.2", "mime-db": "^1.52.0" } }, "sha512-b79V+BrG0gJ9zcRx1VGcCI6r6GEzzZUgiGEJVoq5gwzuB2Ig9Cax8dUuBauQCFKvl2YWSWyOc8mZ8HDaJOtkew=="],

    "@hapi/nigel": ["@hapi/nigel@5.0.1", "", { "dependencies": { "@hapi/hoek": "^11.0.2", "@hapi/vise": "^5.0.1" } }, "sha512-uv3dtYuB4IsNaha+tigWmN8mQw/O9Qzl5U26Gm4ZcJVtDdB1AVJOwX3X5wOX+A07qzpEZnOMBAm8jjSqGsU6Nw=="],

    "@hapi/pez": ["@hapi/pez@6.1.0", "", { "dependencies": { "@hapi/b64": "^6.0.1", "@hapi/boom": "^10.0.1", "@hapi/content": "^6.0.0", "@hapi/hoek": "^11.0.2", "@hapi/nigel": "^5.0.1" } }, "sha512-+FE3sFPYuXCpuVeHQ/Qag1b45clR2o54QoonE/gKHv9gukxQ8oJJZPR7o3/ydDTK6racnCJXxOyT1T93FCJMIg=="],

    "@hapi/podium": ["@hapi/podium@5.0.2", "", { "dependencies": { "@hapi/hoek": "^11.0.2", "@hapi/teamwork": "^6.0.0", "@hapi/validate": "^2.0.1" } }, "sha512-T7gf2JYHQQfEfewTQFbsaXoZxSvuXO/QBIGljucUQ/lmPnTTNAepoIKOakWNVWvo2fMEDjycu77r8k6dhreqHA=="],

    "@hapi/shot": ["@hapi/shot@6.0.2", "", { "dependencies": { "@hapi/hoek": "^11.0.2", "@hapi/validate": "^2.0.1" } }, "sha512-WKK1ShfJTrL1oXC0skoIZQYzvLsyMDEF8lfcWuQBjpjCN29qivr9U36ld1z0nt6edvzv28etNMOqUF4klnHryw=="],

    "@hapi/somever": ["@hapi/somever@4.1.1", "", { "dependencies": { "@hapi/bounce": "^3.0.1", "@hapi/hoek": "^11.0.2" } }, "sha512-lt3QQiDDOVRatS0ionFDNrDIv4eXz58IibQaZQDOg4DqqdNme8oa0iPWcE0+hkq/KTeBCPtEOjDOBKBKwDumVg=="],

    "@hapi/statehood": ["@hapi/statehood@8.2.1", "", { "dependencies": { "@hapi/boom": "^10.0.1", "@hapi/bounce": "^3.0.1", "@hapi/bourne": "^3.0.0", "@hapi/cryptiles": "^6.0.1", "@hapi/hoek": "^11.0.2", "@hapi/iron": "^7.0.1", "@hapi/validate": "^2.0.1" } }, "sha512-xf72TG/QINW26jUu+uL5H+crE1o8GplIgfPWwPZhnAGJzetIVAQEQYvzq+C0aEVHg5/lMMtQ+L9UryuSa5Yjkg=="],

    "@hapi/subtext": ["@hapi/subtext@8.1.1", "", { "dependencies": { "@hapi/boom": "^10.0.1", "@hapi/bourne": "^3.0.0", "@hapi/content": "^6.0.0", "@hapi/file": "^3.0.0", "@hapi/hoek": "^11.0.2", "@hapi/pez": "^6.1.0", "@hapi/wreck": "^18.0.1" } }, "sha512-ex1Y2s/KuJktS8Ww0k6XJ5ysSKrzNym4i5pDVuCwlSgHHviHUsT1JNzE6FYhNU9TTHSNdyfue/t2m89bpkX9Jw=="],

    "@hapi/teamwork": ["@hapi/teamwork@6.0.1", "", {}, "sha512-52OXRslUfYwXAOG8k58f2h2ngXYQGP0x5RPOo+eWA/FtyLgHjGMrE3+e9LSXP/0q2YfHAK5wj9aA9DTy1K+kyQ=="],

    "@hapi/topo": ["@hapi/topo@6.0.2", "", { "dependencies": { "@hapi/hoek": "^11.0.2" } }, "sha512-KR3rD5inZbGMrHmgPxsJ9dbi6zEK+C3ZwUwTa+eMwWLz7oijWUTWD2pMSNNYJAU6Qq+65NkxXjqHr/7LM2Xkqg=="],

    "@hapi/validate": ["@hapi/validate@2.0.1", "", { "dependencies": { "@hapi/hoek": "^11.0.2", "@hapi/topo": "^6.0.1" } }, "sha512-NZmXRnrSLK8MQ9y/CMqE9WSspgB9xA41/LlYR0k967aSZebWr4yNrpxIbov12ICwKy4APSlWXZga9jN5p6puPA=="],

    "@hapi/vise": ["@hapi/vise@5.0.1", "", { "dependencies": { "@hapi/hoek": "^11.0.2" } }, "sha512-XZYWzzRtINQLedPYlIkSkUr7m5Ddwlu99V9elh8CSygXstfv3UnWIXT0QD+wmR0VAG34d2Vx3olqcEhRRoTu9A=="],

    "@hapi/wreck": ["@hapi/wreck@18.1.0", "", { "dependencies": { "@hapi/boom": "^10.0.1", "@hapi/bourne": "^3.0.0", "@hapi/hoek": "^11.0.2" } }, "sha512-0z6ZRCmFEfV/MQqkQomJ7sl/hyxvcZM7LtuVqN3vdAO4vM9eBbowl0kaqQj9EJJQab+3Uuh1GxbGIBFy4NfJ4w=="],

    "@leichtgewicht/ip-codec": ["@leichtgewicht/ip-codec@2.0.5", "", {}, "sha512-Vo+PSpZG2/fmgmiNzYK9qWRh8h/CHrwD0mo1h1DzL4yzHNSfWYujGTYsWGreD000gcgmZ7K4Ys6Tx9TxtsKdDw=="],

    "@libp2p/autonat": ["@libp2p/autonat@3.0.9", "", { "dependencies": { "@libp2p/interface": "^3.1.0", "@libp2p/interface-internal": "^3.0.9", "@libp2p/peer-collections": "^7.0.9", "@libp2p/peer-id": "^6.0.4", "@libp2p/utils": "^7.0.9", "@multiformats/multiaddr": "^13.0.1", "any-signal": "^4.1.1", "main-event": "^1.0.1", "multiformats": "^13.4.0", "protons-runtime": "^5.6.0", "uint8arraylist": "^2.4.8" } }, "sha512-jqNxiGVpf4iBaQA2Bc1b/Uesxf6pO1Cn7tEsnIF01Hf973sRka9sKm372Zw0KMZw/hMTjJvZkt6KkwsOM6x6aw=="],

    "@libp2p/circuit-relay-v2": ["@libp2p/circuit-relay-v2@4.1.2", "", { "dependencies": { "@libp2p/crypto": "^5.1.13", "@libp2p/interface": "^3.1.0", "@libp2p/interface-internal": "^3.0.9", "@libp2p/peer-collections": "^7.0.9", "@libp2p/peer-id": "^6.0.4", "@libp2p/peer-record": "^9.0.4", "@libp2p/utils": "^7.0.9", "@multiformats/multiaddr": "^13.0.1", "@multiformats/multiaddr-matcher": "^3.0.1", "any-signal": "^4.1.1", "main-event": "^1.0.1", "multiformats": "^13.4.0", "nanoid": "^5.1.5", "progress-events": "^1.0.1", "protons-runtime": "^5.6.0", "retimeable-signal": "^1.0.1", "uint8arraylist": "^2.4.8", "uint8arrays": "^5.1.0" } }, "sha512-zGYIJUfqzddnxtrrsJE3K6sHxL65Gx8oIAaG90S6vPiL2KBuQUXjbkSShdN9QiK7HbdEY+LWCYVsH0ex7c+C9Q=="],

    "@libp2p/crypto": ["@libp2p/crypto@5.1.13", "", { "dependencies": { "@libp2p/interface": "^3.1.0", "@noble/curves": "^2.0.1", "@noble/hashes": "^2.0.1", "multiformats": "^13.4.0", "protons-runtime": "^5.6.0", "uint8arraylist": "^2.4.8", "uint8arrays": "^5.1.0" } }, "sha512-8NN9cQP3jDn+p9+QE9ByiEoZ2lemDFf/unTgiKmS3JF93ph240EUVdbCyyEgOMfykzb0okTM4gzvwfx9osJebQ=="],

    "@libp2p/identify": ["@libp2p/identify@4.0.9", "", { "dependencies": { "@libp2p/crypto": "^5.1.13", "@libp2p/interface": "^3.1.0", "@libp2p/interface-internal": "^3.0.9", "@libp2p/peer-id": "^6.0.4", "@libp2p/peer-record": "^9.0.4", "@libp2p/utils": "^7.0.9", "@multiformats/multiaddr": "^13.0.1", "@multiformats/multiaddr-matcher": "^3.0.1", "it-drain": "^3.0.10", "it-parallel": "^3.0.13", "main-event": "^1.0.1", "protons-runtime": "^5.6.0", "uint8arraylist": "^2.4.8", "uint8arrays": "^5.1.0" } }, "sha512-tZ6Q+eCDcGan0TowBvp7sd86jgXIHs7PRIZeBduhjYV24QYSQ1V4mS71RygNRadhn4TVoZkuXwgIByc30eZWhw=="],

    "@libp2p/interface": ["@libp2p/interface@3.1.0", "", { "dependencies": { "@multiformats/dns": "^1.0.6", "@multiformats/multiaddr": "^13.0.1", "main-event": "^1.0.1", "multiformats": "^13.4.0", "progress-events": "^1.0.1", "uint8arraylist": "^2.4.8" } }, "sha512-RE7/XyvC47fQBe1cHxhMvepYKa5bFCUyFrrpj8PuM0E7JtzxU7F+Du5j4VXbg2yLDcToe0+j8mB7jvwE2AThYw=="],

    "@libp2p/interface-internal": ["@libp2p/interface-internal@3.0.9", "", { "dependencies": { "@libp2p/interface": "^3.1.0", "@libp2p/peer-collections": "^7.0.9", "@multiformats/multiaddr": "^13.0.1", "progress-events": "^1.0.1" } }, "sha512-g6hqsrorej945uh/iwA4MY4n7vAFq5mtuMXOf1vo4CS2v8Zl3RMOl0mQZIhUpHLq8XV2aZ3C5rSe4+KsOmZM5A=="],

    "@libp2p/interface-peer-id": ["@libp2p/interface-peer-id@2.0.2", "", { "dependencies": { "multiformats": "^11.0.0" } }, "sha512-9pZp9zhTDoVwzRmp0Wtxw0Yfa//Yc0GqBCJi3EznBDE6HGIAVvppR91wSh2knt/0eYg0AQj7Y35VSesUTzMCUg=="],

    "@libp2p/logger": ["@libp2p/logger@2.1.1", "", { "dependencies": { "@libp2p/interface-peer-id": "^2.0.2", "@multiformats/multiaddr": "^12.1.3", "debug": "^4.3.4", "interface-datastore": "^8.2.0", "multiformats": "^11.0.2" } }, "sha512-2UbzDPctg3cPupF6jrv6abQnAUTrbLybNOj0rmmrdGm1cN2HJ1o/hBu0sXuq4KF9P1h/eVRn1HIRbVIEKnEJrA=="],

    "@libp2p/multistream-select": ["@libp2p/multistream-select@7.0.9", "", { "dependencies": { "@libp2p/interface": "^3.1.0", "@libp2p/utils": "^7.0.9", "it-length-prefixed": "^10.0.1", "uint8arraylist": "^2.4.8", "uint8arrays": "^5.1.0" } }, "sha512-2WAaYuTD1B5FtC0+qFVyglMBnzI0KC8Xmiw7nX9XnlYwrnLj2LIBi/XK7MpsGU1LiphSxT8UfmngwnAWf4t1Dg=="],

    "@libp2p/peer-collections": ["@libp2p/peer-collections@7.0.9", "", { "dependencies": { "@libp2p/interface": "^3.1.0", "@libp2p/peer-id": "^6.0.4", "@libp2p/utils": "^7.0.9", "multiformats": "^13.4.0" } }, "sha512-pAMRxmT5V31V0gy2MfwVE1TMAcTnbyBYFOv60OWnkKth4hD+HvQ9DLW1z+opYDqRNON5sIWjcnDsIQDm2VUS7A=="],

    "@libp2p/peer-id": ["@libp2p/peer-id@6.0.4", "", { "dependencies": { "@libp2p/crypto": "^5.1.13", "@libp2p/interface": "^3.1.0", "multiformats": "^13.4.0", "uint8arrays": "^5.1.0" } }, "sha512-Z3xK0lwwKn4bPg3ozEpPr1HxsRi2CxZdghOL+MXoFah/8uhJJHxHFA8A/jxtKn4BB8xkk6F8R5vKNIS05yaCYw=="],

    "@libp2p/peer-record": ["@libp2p/peer-record@9.0.4", "", { "dependencies": { "@libp2p/crypto": "^5.1.13", "@libp2p/interface": "^3.1.0", "@libp2p/peer-id": "^6.0.4", "@multiformats/multiaddr": "^13.0.1", "multiformats": "^13.4.0", "protons-runtime": "^5.6.0", "uint8-varint": "^2.0.4", "uint8arraylist": "^2.4.8", "uint8arrays": "^5.1.0" } }, "sha512-c8NrP2q0FPIiEef2IKOQFi7k0CJK1vr0uk+jbn6KjF85YUWVyaVvuncZG7EwAjO68tuwGS0LLrvJWJbjHFqAwQ=="],

    "@libp2p/peer-store": ["@libp2p/peer-store@12.0.9", "", { "dependencies": { "@libp2p/crypto": "^5.1.13", "@libp2p/interface": "^3.1.0", "@libp2p/peer-collections": "^7.0.9", "@libp2p/peer-id": "^6.0.4", "@libp2p/peer-record": "^9.0.4", "@multiformats/multiaddr": "^13.0.1", "interface-datastore": "^9.0.1", "it-all": "^3.0.9", "main-event": "^1.0.1", "mortice": "^3.3.1", "multiformats": "^13.4.0", "protons-runtime": "^5.6.0", "uint8arraylist": "^2.4.8", "uint8arrays": "^5.1.0" } }, "sha512-+OOKqrllUUACE3IcfFEVcByJo1fMUy9kztxwfy5wmOxybcysxmJ5p3NmETDCqRhlY2sEk55NuRLh5vzDfJIcQQ=="],

    "@libp2p/utils": ["@libp2p/utils@7.0.9", "", { "dependencies": { "@chainsafe/is-ip": "^2.1.0", "@chainsafe/netmask": "^2.0.0", "@libp2p/crypto": "^5.1.13", "@libp2p/interface": "^3.1.0", "@libp2p/logger": "^6.2.2", "@multiformats/multiaddr": "^13.0.1", "@sindresorhus/fnv1a": "^3.1.0", "any-signal": "^4.1.1", "cborg": "^4.2.14", "delay": "^7.0.0", "is-loopback-addr": "^2.0.2", "it-length-prefixed": "^10.0.1", "it-pipe": "^3.0.1", "it-pushable": "^3.2.3", "it-stream-types": "^2.0.2", "main-event": "^1.0.1", "netmask": "^2.0.2", "p-defer": "^4.0.1", "p-event": "^7.0.0", "race-signal": "^2.0.0", "uint8-varint": "^2.0.4", "uint8arraylist": "^2.4.8", "uint8arrays": "^5.1.0" } }, "sha512-2wYhsgfbFXfh5ui0ME9MNHc7uUIuZwpeZ/yagKmDSjIP7B+L3/9mj+vVXO14AhmjfwnKx2xUDQvzGZeq5to4ow=="],

    "@libp2p/webrtc-star-protocol": ["@libp2p/webrtc-star-protocol@4.0.0", "", { "dependencies": { "socket.io-client": "^4.1.2" } }, "sha512-c+S1WoRqxq1ctXWnUZFfCohw7LmtToMAvvq5AMF1HKDV1rMW0y3FGDgJE7yKg6HegEG0hSJ/5YCgXxB33ezihA=="],

    "@libp2p/webrtc-star-signalling-server": ["@libp2p/webrtc-star-signalling-server@4.0.0", "", { "dependencies": { "@hapi/hapi": "^21.1.0", "@hapi/inert": "^7.0.0", "@libp2p/logger": "^2.0.0", "@libp2p/webrtc-star-protocol": "^4.0.0", "@multiformats/multiaddr": "^12.1.2", "menoetius": "0.0.3", "minimist": "^1.2.5", "prom-client": "^14.0.0", "socket.io": "^4.1.2", "socket.io-client": "^4.1.2" }, "bin": { "webrtc-star": "bin/index.js", "star-sig": "bin/index.js", "star-signal": "bin/index.js" } }, "sha512-11uAZjirXfhgsT6RXicrTpB3HACfbP7YZezJjyi/0fj6G2E51kGRUExatziP7km4yy7lRsSbbg7xNrZqenBvEQ=="],

    "@libp2p/websockets": ["@libp2p/websockets@10.1.2", "", { "dependencies": { "@libp2p/interface": "^3.1.0", "@libp2p/utils": "^7.0.9", "@multiformats/multiaddr": "^13.0.1", "@multiformats/multiaddr-matcher": "^3.0.1", "@multiformats/multiaddr-to-uri": "^12.0.0", "main-event": "^1.0.1", "p-event": "^7.0.0", "progress-events": "^1.0.1", "uint8arraylist": "^2.4.8", "uint8arrays": "^5.1.0", "ws": "^8.18.3" } }, "sha512-WjUxzVpniENxclwSRZpFtk3riV846WCf02Rm7MsAL9ui6szWcCEXzmMIjuo5mOzCUGOn0NPol6Uiz11nadC4iQ=="],

    "@multiformats/dns": ["@multiformats/dns@1.0.10", "", { "dependencies": { "buffer": "^6.0.3", "dns-packet": "^5.6.1", "hashlru": "^2.3.0", "p-queue": "^9.0.0", "progress-events": "^1.0.0", "uint8arrays": "^5.0.2" } }, "sha512-6X200ceQLns0b/CU0S/So16tGjB5eIXHJ1xvJMPoWaKFHWSgfpW2EhkWJrqap4U3+c37zcowVR0ToPXeYEL7Vw=="],

    "@multiformats/multiaddr": ["@multiformats/multiaddr@13.0.1", "", { "dependencies": { "@chainsafe/is-ip": "^2.0.1", "multiformats": "^13.0.0", "uint8-varint": "^2.0.1", "uint8arrays": "^5.0.0" } }, "sha512-XToN915cnfr6Lr9EdGWakGJbPT0ghpg/850HvdC+zFX8XvpLZElwa8synCiwa8TuvKNnny6m8j8NVBNCxhIO3g=="],

    "@multiformats/multiaddr-matcher": ["@multiformats/multiaddr-matcher@3.0.1", "", { "dependencies": { "@multiformats/multiaddr": "^13.0.0" } }, "sha512-jvjwzCPysVTQ53F4KqwmcqZw73BqHMk0UUZrMP9P4OtJ/YHrfs122ikTqhVA2upe0P/Qz9l8HVlhEifVYB2q9A=="],

    "@multiformats/multiaddr-to-uri": ["@multiformats/multiaddr-to-uri@12.0.0", "", { "dependencies": { "@multiformats/multiaddr": "^13.0.0" } }, "sha512-3uIEBCiy8tfzxYYBl81x1tISiNBQ7mHU4pGjippbJRoQYHzy/ZdZM/7JvTldr8pc/dzpkaNJxnsuxxlhsPOJsA=="],

    "@noble/curves": ["@noble/curves@2.0.1", "", { "dependencies": { "@noble/hashes": "2.0.1" } }, "sha512-vs1Az2OOTBiP4q0pwjW5aF0xp9n4MxVrmkFBxc6EKZc6ddYx5gaZiAsZoq0uRRXWbi3AT/sBqn05eRPtn1JCPw=="],

    "@noble/hashes": ["@noble/hashes@2.0.1", "", {}, "sha512-XlOlEbQcE9fmuXxrVTXCTlG2nlRXa9Rj3rr5Ue/+tX+nmkgbX720YHh0VR3hBF9xDvwnb8D2shVGOwNx+ulArw=="],

    "@sindresorhus/fnv1a": ["@sindresorhus/fnv1a@3.1.0", "", {}, "sha512-KV321z5m/0nuAg83W1dPLy85HpHDk7Sdi4fJbwvacWsEhAh+rZUW4ZfGcXmUIvjZg4ss2bcwNlRhJ7GBEUG08w=="],

    "@socket.io/component-emitter": ["@socket.io/component-emitter@3.1.2", "", {}, "sha512-9BCxFwvbGg/RsZK9tjXd8s4UcwR0MWeFQ1XEKIQVVvAGJyINdrqKMcTRyLoK8Rse1GjzLV9cwjWV1olXRWEXVA=="],

    "@types/bun": ["@types/bun@1.3.3", "", { "dependencies": { "bun-types": "1.3.3" } }, "sha512-ogrKbJ2X5N0kWLLFKeytG0eHDleBYtngtlbu9cyBKFtNL3cnpDZkNdQj8flVf6WTZUX5ulI9AY1oa7ljhSrp+g=="],

    "@types/cors": ["@types/cors@2.8.19", "", { "dependencies": { "@types/node": "*" } }, "sha512-mFNylyeyqN93lfe/9CSxOGREz8cpzAhH+E93xJ4xWQf62V8sQ/24reV2nyzUWM6H6Xji+GGHpkbLe7pVoUEskg=="],

    "@types/node": ["@types/node@24.10.1", "", { "dependencies": { "undici-types": "~7.16.0" } }, "sha512-GNWcUTRBgIRJD5zj+Tq0fKOJ5XZajIiBroOF0yvj2bSU1WvNdYS/dn9UxwsujGW4JX06dnHyjV2y9rRaybH0iQ=="],

    "abort-error": ["abort-error@1.0.1", "", {}, "sha512-fxqCblJiIPdSXIUrxI0PL+eJG49QdP9SQ70qtB65MVAoMr2rASlOyAbJFOylfB467F/f+5BCLJJq58RYi7mGfg=="],

    "accepts": ["accepts@1.3.8", "", { "dependencies": { "mime-types": "~2.1.34", "negotiator": "0.6.3" } }, "sha512-PYAthTa2m2VKxuvSD3DPC/Gy+U+sOA1LAuT8mkmRuvw+NACSaeXEQ+NHcVF7rONl6qcaxV3Uuemwawk+7+SJLw=="],

    "any-signal": ["any-signal@4.1.1", "", {}, "sha512-iADenERppdC+A2YKbOXXB2WUeABLaM6qnpZ70kZbPZ1cZMMJ7eF+3CaYm+/PhBizgkzlvssC7QuHS30oOiQYWA=="],

    "base64-js": ["base64-js@1.5.1", "", {}, "sha512-AKpaYlHn8t4SVbOHCy+b5+KKgvR4vrsD8vbvrbiQJps7fKDTkjkDry6ji0rUJjC0kzbNePLwzxq8iypo41qeWA=="],

    "base64id": ["base64id@2.0.0", "", {}, "sha512-lGe34o6EHj9y3Kts9R4ZYs/Gr+6N7MCaMlIFA3F1R2O5/m7K06AxfSeO5530PEERE6/WyEg3lsuyw4GHlPZHog=="],

    "bintrees": ["bintrees@1.0.2", "", {}, "sha512-VOMgTMwjAaUG580SXn3LacVgjurrbMme7ZZNYGSSV7mmtY6QQRh0Eg3pwIcntQ77DErK1L0NxkbetjcoXzVwKw=="],

    "buffer": ["buffer@6.0.3", "", { "dependencies": { "base64-js": "^1.3.1", "ieee754": "^1.2.1" } }, "sha512-FTiCpNxtwiZZHEZbcbTIcZjERVICn9yq/pDFkTl95/AxzD1naBctN7YO68riM/gLSDY7sdrMby8hofADYuuqOA=="],

    "bun-types": ["bun-types@1.3.3", "", { "dependencies": { "@types/node": "*" } }, "sha512-z3Xwlg7j2l9JY27x5Qn3Wlyos8YAp0kKRlrePAOjgjMGS5IG6E7Jnlx736vH9UVI4wUICwwhC9anYL++XeOgTQ=="],

    "cborg": ["cborg@4.3.1", "", { "bin": { "cborg": "lib/bin.js" } }, "sha512-zLyEPKHqdX08yiyMzm3A/QdurLDB1XVGB3RWJa8PykCXNpLxhlyWToM4g+0Vo+6Q6txrdvAOfdC0ZBaxG0qw2g=="],

    "cookie": ["cookie@0.7.2", "", {}, "sha512-yki5XnKuf750l50uGTllt6kKILY4nQ1eNIQatoXEByZ5dWgnKqbnqmTrBE5B4N7lrMJKQ2ytWMiTO2o0v6Ew/w=="],

    "cors": ["cors@2.8.5", "", { "dependencies": { "object-assign": "^4", "vary": "^1" } }, "sha512-KIHbLJqu73RGr/hnbrO9uBeixNGuvSQjul/jdFvS/KFSIH1hWVd1ng7zOHx+YrEfInLG7q4n6GHQ9cDtxv/P6g=="],

    "datastore-core": ["datastore-core@11.0.2", "", { "dependencies": { "@libp2p/logger": "^6.0.0", "interface-datastore": "^9.0.0", "interface-store": "^7.0.0", "it-drain": "^3.0.9", "it-filter": "^3.1.3", "it-map": "^3.1.3", "it-merge": "^3.0.11", "it-pipe": "^3.0.1", "it-sort": "^3.0.8", "it-take": "^3.0.8" } }, "sha512-0pN4hMcaCWcnUBo5OL/8j14Lt1l/p1v2VvzryRYeJAKRLqnFrzy2FhAQ7y0yTA63ki760ImQHfm2XlZrfIdFpQ=="],

    "debug": ["debug@4.3.7", "", { "dependencies": { "ms": "^2.1.3" } }, "sha512-Er2nc/H7RrMXZBFCEim6TCmMk02Z8vLC2Rbi1KEBggpo0fS6l0S1nnapwmIi3yW/+GOJap1Krg4w0Hg80oCqgQ=="],

    "delay": ["delay@7.0.0", "", { "dependencies": { "random-int": "^3.1.0", "unlimited-timeout": "^0.1.0" } }, "sha512-C3vaGs818qzZjCvVJ98GQUMVyWeg7dr5w2Nwwb2t5K8G98jOyyVO2ti2bKYk5yoYElqH3F2yA53ykuEnwD6MCg=="],

    "dns-packet": ["dns-packet@5.6.1", "", { "dependencies": { "@leichtgewicht/ip-codec": "^2.0.1" } }, "sha512-l4gcSouhcgIKRvyy99RNVOgxXiicE+2jZoNmaNmZ6JXiGajBOJAesk1OBlJuM5k2c+eudGdLxDqXuPCKIj6kpw=="],

    "engine.io": ["engine.io@6.6.4", "", { "dependencies": { "@types/cors": "^2.8.12", "@types/node": ">=10.0.0", "accepts": "~1.3.4", "base64id": "2.0.0", "cookie": "~0.7.2", "cors": "~2.8.5", "debug": "~4.3.1", "engine.io-parser": "~5.2.1", "ws": "~8.17.1" } }, "sha512-ZCkIjSYNDyGn0R6ewHDtXgns/Zre/NT6Agvq1/WobF7JXgFff4SeDroKiCO3fNJreU9YG429Sc81o4w5ok/W5g=="],

    "engine.io-client": ["engine.io-client@6.6.3", "", { "dependencies": { "@socket.io/component-emitter": "~3.1.0", "debug": "~4.3.1", "engine.io-parser": "~5.2.1", "ws": "~8.17.1", "xmlhttprequest-ssl": "~2.1.1" } }, "sha512-T0iLjnyNWahNyv/lcjS2y4oE358tVS/SYQNxYXGAJ9/GLgH4VCvOQ/mhTjqU88mLZCQgiG8RIegFHYCdVC+j5w=="],

    "engine.io-parser": ["engine.io-parser@5.2.3", "", {}, "sha512-HqD3yTBfnBxIrbnM1DoD6Pcq8NECnh8d4As1Qgh0z5Gg3jRRIqijury0CL3ghu/edArpUYiYqQiDUQBIs4np3Q=="],

    "eventemitter3": ["eventemitter3@5.0.1", "", {}, "sha512-GWkBvjiSZK87ELrYOSESUYeVIc9mvLLf/nXalMOS5dYrgZq9o5OVkbZAVM06CVxYsCwH9BDZFPlQTlPA1j4ahA=="],

    "hashlru": ["hashlru@2.3.0", "", {}, "sha512-0cMsjjIC8I+D3M44pOQdsy0OHXGLVz6Z0beRuufhKa0KfaD2wGwAev6jILzXsd3/vpnNQJmWyZtIILqM1N+n5A=="],

    "ieee754": ["ieee754@1.2.1", "", {}, "sha512-dcyqhDvX1C46lXZcVqCpK+FtMRQVdIMN6/Df5js2zouUsqG7I6sFxitIC+7KYK29KdXOLHdu9zL4sFnoVQnqaA=="],

    "interface-datastore": ["interface-datastore@9.0.2", "", { "dependencies": { "interface-store": "^7.0.0", "uint8arrays": "^5.1.0" } }, "sha512-jebn+GV/5LTDDoyicNIB4D9O0QszpPqT09Z/MpEWvf3RekjVKpXJCDguM5Au2fwIFxFDAQMZe5bSla0jMamCNg=="],

    "interface-store": ["interface-store@7.0.1", "", {}, "sha512-OPRRUO3Cs6Jr/t98BrJLQp1jUTPgrRH0PqFfuNoPAqd+J7ABN1tjFVjQdaOBiybYJTS/AyBSZnZVWLPvp3dW3w=="],

    "is-loopback-addr": ["is-loopback-addr@2.0.2", "", {}, "sha512-26POf2KRCno/KTNL5Q0b/9TYnL00xEsSaLfiFRmjM7m7Lw7ZMmFybzzuX4CcsLAluZGd+niLUiMRxEooVE3aqg=="],

    "is-network-error": ["is-network-error@1.3.0", "", {}, "sha512-6oIwpsgRfnDiyEDLMay/GqCl3HoAtH5+RUKW29gYkL0QA+ipzpDLA16yQs7/RHCSu+BwgbJaOUqa4A99qNVQVw=="],

    "it-all": ["it-all@3.0.9", "", {}, "sha512-fz1oJJ36ciGnu2LntAlE6SA97bFZpW7Rnt0uEc1yazzR2nKokZLr8lIRtgnpex4NsmaBcvHF+Z9krljWFy/mmg=="],

    "it-drain": ["it-drain@3.0.10", "", {}, "sha512-0w/bXzudlyKIyD1+rl0xUKTI7k4cshcS43LTlBiGFxI8K1eyLydNPxGcsVLsFVtKh1/ieS8AnVWt6KwmozxyEA=="],

    "it-filter": ["it-filter@3.1.4", "", { "dependencies": { "it-peekable": "^3.0.0" } }, "sha512-80kWEKgiFEa4fEYD3mwf2uygo1dTQ5Y5midKtL89iXyjinruA/sNXl6iFkTcdNedydjvIsFhWLiqRPQP4fAwWQ=="],

    "it-length-prefixed": ["it-length-prefixed@10.0.1", "", { "dependencies": { "it-reader": "^6.0.1", "it-stream-types": "^2.0.1", "uint8-varint": "^2.0.1", "uint8arraylist": "^2.0.0", "uint8arrays": "^5.0.1" } }, "sha512-BhyluvGps26u9a7eQIpOI1YN7mFgi8lFwmiPi07whewbBARKAG9LE09Odc8s1Wtbt2MB6rNUrl7j9vvfXTJwdQ=="],

    "it-map": ["it-map@3.1.4", "", { "dependencies": { "it-peekable": "^3.0.0" } }, "sha512-QB9PYQdE9fUfpVFYfSxBIyvKynUCgblb143c+ktTK6ZuKSKkp7iH58uYFzagqcJ5HcqIfn1xbfaralHWam+3fg=="],

    "it-merge": ["it-merge@3.0.12", "", { "dependencies": { "it-queueless-pushable": "^2.0.0" } }, "sha512-nnnFSUxKlkZVZD7c0jYw6rDxCcAQYcMsFj27thf7KkDhpj0EA0g9KHPxbFzHuDoc6US2EPS/MtplkNj8sbCx4Q=="],

    "it-parallel": ["it-parallel@3.0.13", "", { "dependencies": { "p-defer": "^4.0.1" } }, "sha512-85PPJ/O8q97Vj9wmDTSBBXEkattwfQGruXitIzrh0RLPso6RHfiVqkuTqBNufYYtB1x6PSkh0cwvjmMIkFEPHA=="],

    "it-peekable": ["it-peekable@3.0.8", "", {}, "sha512-7IDBQKSp/dtBxXV3Fj0v3qM1jftJ9y9XrWLRIuU1X6RdKqWiN60syNwP0fiDxZD97b8SYM58dD3uklIk1TTQAw=="],

    "it-pipe": ["it-pipe@3.0.1", "", { "dependencies": { "it-merge": "^3.0.0", "it-pushable": "^3.1.2", "it-stream-types": "^2.0.1" } }, "sha512-sIoNrQl1qSRg2seYSBH/3QxWhJFn9PKYvOf/bHdtCBF0bnghey44VyASsWzn5dAx0DCDDABq1hZIuzKmtBZmKA=="],

    "it-pushable": ["it-pushable@3.2.3", "", { "dependencies": { "p-defer": "^4.0.0" } }, "sha512-gzYnXYK8Y5t5b/BnJUr7glfQLO4U5vyb05gPx/TyTw+4Bv1zM9gFk4YsOrnulWefMewlphCjKkakFvj1y99Tcg=="],

    "it-queue": ["it-queue@1.1.0", "", { "dependencies": { "abort-error": "^1.0.1", "it-pushable": "^3.2.3", "main-event": "^1.0.0", "race-event": "^1.3.0", "race-signal": "^1.1.3" } }, "sha512-aK9unJRIaJc9qiv53LByhF7/I2AuD7Ro4oLfLieVLL9QXNvRx++ANMpv8yCp2UO0KAtBuf70GOxSYb6ElFVRpQ=="],

    "it-queueless-pushable": ["it-queueless-pushable@2.0.2", "", { "dependencies": { "abort-error": "^1.0.1", "p-defer": "^4.0.1", "race-signal": "^1.1.3" } }, "sha512-2BqIt7XvDdgEgudLAdJkdseAwbVSBc0yAd8yPVHrll4eBuJPWIj9+8C3OIxzEKwhswLtd3bi+yLrzgw9gCyxMA=="],

    "it-reader": ["it-reader@6.0.4", "", { "dependencies": { "it-stream-types": "^2.0.1", "uint8arraylist": "^2.0.0" } }, "sha512-XCWifEcNFFjjBHtor4Sfaj8rcpt+FkY0L6WdhD578SCDhV4VUm7fCkF3dv5a+fTcfQqvN9BsxBTvWbYO6iCjTg=="],

    "it-sort": ["it-sort@3.0.9", "", { "dependencies": { "it-all": "^3.0.0" } }, "sha512-jsM6alGaPiQbcAJdzMsuMh00uJcI+kD9TBoScB8TR75zUFOmHvhSsPi+Dmh2zfVkcoca+14EbfeIZZXTUGH63w=="],

    "it-stream-types": ["it-stream-types@2.0.2", "", {}, "sha512-Rz/DEZ6Byn/r9+/SBCuJhpPATDF9D+dz5pbgSUyBsCDtza6wtNATrz/jz1gDyNanC3XdLboriHnOC925bZRBww=="],

    "it-take": ["it-take@3.0.9", "", {}, "sha512-XMeUbnjOcgrhFXPUqa7H0VIjYSV/BvyxxjCp76QHVAFDJw2LmR1SHxUFiqyGeobgzJr7P2ZwSRRJQGn4D2BVlA=="],

    "libp2p": ["libp2p@3.1.2", "", { "dependencies": { "@chainsafe/is-ip": "^2.1.0", "@chainsafe/netmask": "^2.0.0", "@libp2p/crypto": "^5.1.13", "@libp2p/interface": "^3.1.0", "@libp2p/interface-internal": "^3.0.9", "@libp2p/logger": "^6.2.2", "@libp2p/multistream-select": "^7.0.9", "@libp2p/peer-collections": "^7.0.9", "@libp2p/peer-id": "^6.0.4", "@libp2p/peer-store": "^12.0.9", "@libp2p/utils": "^7.0.9", "@multiformats/dns": "^1.0.6", "@multiformats/multiaddr": "^13.0.1", "@multiformats/multiaddr-matcher": "^3.0.1", "any-signal": "^4.1.1", "datastore-core": "^11.0.1", "interface-datastore": "^9.0.1", "it-merge": "^3.0.12", "it-parallel": "^3.0.13", "main-event": "^1.0.1", "multiformats": "^13.4.0", "p-defer": "^4.0.1", "p-event": "^7.0.0", "p-retry": "^7.0.0", "progress-events": "^1.0.1", "race-signal": "^2.0.0", "uint8arrays": "^5.1.0" } }, "sha512-E14/IznfuJnmelwrsTIRqtds+XzbtIYdnfskv9ulmL+7fwM+7fsUl1z5wBlWFzPNs46t1MF9fPi9m1ytuzs2xw=="],

    "lru-cache": ["lru-cache@7.18.3", "", {}, "sha512-jumlc0BIUrS3qJGgIkWZsyfAM7NCWiBcCDhnd+3NNM5KbBmLTgHVfWBcg6W+rLUsIpzpERPsvwUP7CckAQSOoA=="],

    "main-event": ["main-event@1.0.1", "", {}, "sha512-NWtdGrAca/69fm6DIVd8T9rtfDII4Q8NQbIbsKQq2VzS9eqOGYs8uaNQjcuaCq/d9H/o625aOTJX2Qoxzqw0Pw=="],

    "menoetius": ["menoetius@0.0.3", "", { "dependencies": { "prom-client": "^14.0.1" } }, "sha512-cm953AR2J/Ya3/lZNJb/gH/927c1tZ1h5uPRytZ4yxZOUwiFmHeulZu3/IT9CImJkLQ50/NEkLW/0bHbExIKEQ=="],

    "mime-db": ["mime-db@1.52.0", "", {}, "sha512-sPU4uV7dYlvtWJxwwxHD0PuihVNiE7TyAbQ5SWxDCB9mUYvOgroQOwYQQOKPJ8CIbE+1ETVlOoK1UC2nU3gYvg=="],

    "mime-types": ["mime-types@2.1.35", "", { "dependencies": { "mime-db": "1.52.0" } }, "sha512-ZDY+bPm5zTTF+YpCrAU9nK0UgICYPT0QtT1NZWFv4s++TNkcgVaT0g6+4R2uI4MjQjzysHB1zxuWL50hzaeXiw=="],

    "minimist": ["minimist@1.2.8", "", {}, "sha512-2yyAR8qBkN3YuheJanUpWC5U3bb5osDywNB8RzDVlDwDHbocAJveqqj1u8+SVD7jkWT4yvsHCpWqqWqAxb0zCA=="],

    "mortice": ["mortice@3.3.1", "", { "dependencies": { "abort-error": "^1.0.0", "it-queue": "^1.1.0", "main-event": "^1.0.0" } }, "sha512-t3oESfijIPGsmsdLEKjF+grHfrbnKSXflJtgb1wY14cjxZpS6GnhHRXTxxzCAoCCnq1YYfpEPwY3gjiCPhOufQ=="],

    "ms": ["ms@2.1.3", "", {}, "sha512-6FlzubTLZG3J2a/NVCAleEhjzq5oxgHyaCU9yYXvcLsvoVaHJq/s5xXI6/XXP6tz7R9xAOtHnSO/tXtF3WRTlA=="],

    "multiformats": ["multiformats@13.4.1", "", {}, "sha512-VqO6OSvLrFVAYYjgsr8tyv62/rCQhPgsZUXLTqoFLSgdkgiUYKYeArbt1uWLlEpkjxQe+P0+sHlbPEte1Bi06Q=="],

    "nanoid": ["nanoid@5.1.6", "", { "bin": { "nanoid": "bin/nanoid.js" } }, "sha512-c7+7RQ+dMB5dPwwCp4ee1/iV/q2P6aK1mTZcfr1BTuVlyW9hJYiMPybJCcnBlQtuSmTIWNeazm/zqNoZSSElBg=="],

    "negotiator": ["negotiator@0.6.3", "", {}, "sha512-+EUsqGPLsM+j/zdChZjsnX51g4XrHFOIXwfnCVPGlQk/k5giakcKsuxCObBRu6DSm9opw/O6slWbJdghQM4bBg=="],

    "netmask": ["netmask@2.0.2", "", {}, "sha512-dBpDMdxv9Irdq66304OLfEmQ9tbNRFnFTuZiLo+bD+r332bBmMJ8GBLXklIXXgxd3+v9+KUnZaUR5PJMa75Gsg=="],

    "object-assign": ["object-assign@4.1.1", "", {}, "sha512-rJgTQnkUnH1sFw8yT6VSU3zD3sWmu6sZhIseY8VX+GRu3P6F7Fu+JNDoXfklElbLJSnc3FUQHVe4cU5hj+BcUg=="],

    "p-defer": ["p-defer@4.0.1", "", {}, "sha512-Mr5KC5efvAK5VUptYEIopP1bakB85k2IWXaRC0rsh1uwn1L6M0LVml8OIQ4Gudg4oyZakf7FmeRLkMMtZW1i5A=="],

    "p-event": ["p-event@7.0.0", "", { "dependencies": { "p-timeout": "^6.1.4" } }, "sha512-z4Xv/ieHhi6Dx3A5xbZI8WWTn+eSRo6buGTvA8Yv2iLyX+61SUIMKcBszZRHA6e2Apld6QEDSclAuha2iUntyA=="],

    "p-queue": ["p-queue@9.0.1", "", { "dependencies": { "eventemitter3": "^5.0.1", "p-timeout": "^7.0.0" } }, "sha512-RhBdVhSwJb7Ocn3e8ULk4NMwBEuOxe+1zcgphUy9c2e5aR/xbEsdVXxHJ3lynw6Qiqu7OINEyHlZkiblEpaq7w=="],

    "p-retry": ["p-retry@7.1.0", "", { "dependencies": { "is-network-error": "^1.1.0" } }, "sha512-xL4PiFRQa/f9L9ZvR4/gUCRNus4N8YX80ku8kv9Jqz+ZokkiZLM0bcvX0gm1F3PDi9SPRsww1BDsTWgE6Y1GLQ=="],

    "p-timeout": ["p-timeout@6.1.4", "", {}, "sha512-MyIV3ZA/PmyBN/ud8vV9XzwTrNtR4jFrObymZYnZqMmW0zA8Z17vnT0rBgFE/TlohB+YCHqXMgZzb3Csp49vqg=="],

    "progress-events": ["progress-events@1.0.1", "", {}, "sha512-MOzLIwhpt64KIVN64h1MwdKWiyKFNc/S6BoYKPIVUHFg0/eIEyBulhWCgn678v/4c0ri3FdGuzXymNCv02MUIw=="],

    "prom-client": ["prom-client@14.2.0", "", { "dependencies": { "tdigest": "^0.1.1" } }, "sha512-sF308EhTenb/pDRPakm+WgiN+VdM/T1RaHj1x+MvAuT8UiQP8JmOEbxVqtkbfR4LrvOg5n7ic01kRBDGXjYikA=="],

    "protons-runtime": ["protons-runtime@5.6.0", "", { "dependencies": { "uint8-varint": "^2.0.2", "uint8arraylist": "^2.4.3", "uint8arrays": "^5.0.1" } }, "sha512-/Kde+sB9DsMFrddJT/UZWe6XqvL7SL5dbag/DBCElFKhkwDj7XKt53S+mzLyaDP5OqS0wXjV5SA572uWDaT0Hg=="],

    "race-event": ["race-event@1.6.1", "", { "dependencies": { "abort-error": "^1.0.1" } }, "sha512-vi7WH5g5KoTFpu2mme/HqZiWH14XSOtg5rfp6raBskBHl7wnmy3F/biAIyY5MsK+BHWhoPhxtZ1Y2R7OHHaWyQ=="],

    "race-signal": ["race-signal@2.0.0", "", {}, "sha512-P31bLhE4ByBX/70QDXMutxnqgwrF1WUXea1O8DXuviAgkdbQ1iQMQotNgzJIBC9yUSn08u/acZrMUhgw7w6GpA=="],

    "random-int": ["random-int@3.1.0", "", {}, "sha512-h8CRz8cpvzj0hC/iH/1Gapgcl2TQ6xtnCpyOI5WvWfXf/yrDx2DOU+tD9rX23j36IF11xg1KqB9W11Z18JPMdw=="],

    "retimeable-signal": ["retimeable-signal@1.0.1", "", {}, "sha512-Cy26CYfbWnYu8HMoJeDhaMpW/EYFIbne3vMf6G9RSrOyWYXbPehja/BEdzpqmM84uy2bfBD7NPZhoQ4GZEtgvg=="],

    "socket.io": ["socket.io@4.8.1", "", { "dependencies": { "accepts": "~1.3.4", "base64id": "~2.0.0", "cors": "~2.8.5", "debug": "~4.3.2", "engine.io": "~6.6.0", "socket.io-adapter": "~2.5.2", "socket.io-parser": "~4.2.4" } }, "sha512-oZ7iUCxph8WYRHHcjBEc9unw3adt5CmSNlppj/5Q4k2RIrhl8Z5yY2Xr4j9zj0+wzVZ0bxmYoGSzKJnRl6A4yg=="],

    "socket.io-adapter": ["socket.io-adapter@2.5.5", "", { "dependencies": { "debug": "~4.3.4", "ws": "~8.17.1" } }, "sha512-eLDQas5dzPgOWCk9GuuJC2lBqItuhKI4uxGgo9aIV7MYbk2h9Q6uULEh8WBzThoI7l+qU9Ast9fVUmkqPP9wYg=="],

    "socket.io-client": ["socket.io-client@4.8.1", "", { "dependencies": { "@socket.io/component-emitter": "~3.1.0", "debug": "~4.3.2", "engine.io-client": "~6.6.1", "socket.io-parser": "~4.2.4" } }, "sha512-hJVXfu3E28NmzGk8o1sHhN3om52tRvwYeidbj7xKy2eIIse5IoKX3USlS6Tqt3BHAtflLIkCQBkzVrEEfWUyYQ=="],

    "socket.io-parser": ["socket.io-parser@4.2.4", "", { "dependencies": { "@socket.io/component-emitter": "~3.1.0", "debug": "~4.3.1" } }, "sha512-/GbIKmo8ioc+NIWIhwdecY0ge+qVBSMdgxGygevmdHj24bsfgtCmcUUcQ5ZzcylGFHsN3k4HB4Cgkl96KVnuew=="],

    "supports-color": ["supports-color@10.2.2", "", {}, "sha512-SS+jx45GF1QjgEXQx4NJZV9ImqmO2NPz5FNsIHrsDjh2YsHnawpan7SNQ1o8NuhrbHZy9AZhIoCUiCeaW/C80g=="],

    "tdigest": ["tdigest@0.1.2", "", { "dependencies": { "bintrees": "1.0.2" } }, "sha512-+G0LLgjjo9BZX2MfdvPfH+MKLCrxlXSYec5DaPYP1fe6Iyhf0/fSmJ0bFiZ1F8BT6cGXl2LpltQptzjXKWEkKA=="],

    "typescript": ["typescript@5.9.3", "", { "bin": { "tsc": "bin/tsc", "tsserver": "bin/tsserver" } }, "sha512-jl1vZzPDinLr9eUt3J/t7V6FgNEw9QjvBPdysz9KfQDD41fQrC2Y4vKQdiaUpFT4bXlb1RHhLpp8wtm6M5TgSw=="],

    "uint8-varint": ["uint8-varint@2.0.4", "", { "dependencies": { "uint8arraylist": "^2.0.0", "uint8arrays": "^5.0.0" } }, "sha512-FwpTa7ZGA/f/EssWAb5/YV6pHgVF1fViKdW8cWaEarjB8t7NyofSWBdOTyFPaGuUG4gx3v1O3PQ8etsiOs3lcw=="],

    "uint8arraylist": ["uint8arraylist@2.4.8", "", { "dependencies": { "uint8arrays": "^5.0.1" } }, "sha512-vc1PlGOzglLF0eae1M8mLRTBivsvrGsdmJ5RbK3e+QRvRLOZfZhQROTwH/OfyF3+ZVUg9/8hE8bmKP2CvP9quQ=="],

    "uint8arrays": ["uint8arrays@5.1.0", "", { "dependencies": { "multiformats": "^13.0.0" } }, "sha512-vA6nFepEmlSKkMBnLBaUMVvAC4G3CTmO58C12y4sq6WPDOR7mOFYOi7GlrQ4djeSbP6JG9Pv9tJDM97PedRSww=="],

    "undici-types": ["undici-types@7.16.0", "", {}, "sha512-Zz+aZWSj8LE6zoxD+xrjh4VfkIG8Ya6LvYkZqtUQGJPZjYl53ypCaUwWqo7eI0x66KBGeRo+mlBEkMSeSZ38Nw=="],

    "unlimited-timeout": ["unlimited-timeout@0.1.0", "", {}, "sha512-D4g+mxFeQGQHzCfnvij+R35ukJ0658Zzudw7j16p4tBBbNasKkKM4SocYxqhwT5xA7a9JYWDzKkEFyMlRi5sng=="],

    "vary": ["vary@1.1.2", "", {}, "sha512-BNGbWLfd0eUPabhkXUVm0j8uuvREyTh5ovRa/dyow/BqAbZJyC+5fU+IzQOzmAKzYqYRAISoRhdQr3eIZ/PXqg=="],

    "weald": ["weald@1.1.1", "", { "dependencies": { "ms": "^3.0.0-canary.1", "supports-color": "^10.0.0" } }, "sha512-PaEQShzMCz8J/AD2N3dJMc1hTZWkJeLKS2NMeiVkV5KDHwgZe7qXLEzyodsT/SODxWDdXJJqocuwf3kHzcXhSQ=="],

    "ws": ["ws@8.18.3", "", { "peerDependencies": { "bufferutil": "^4.0.1", "utf-8-validate": ">=5.0.2" }, "optionalPeers": ["bufferutil", "utf-8-validate"] }, "sha512-PEIGCY5tSlUt50cqyMXfCzX+oOPqN0vuGqWzbcJ2xvnkzkq46oOpz7dQaTDBdfICb4N14+GARUDw2XV2N4tvzg=="],

    "xmlhttprequest-ssl": ["xmlhttprequest-ssl@2.1.2", "", {}, "sha512-TEU+nJVUUnA4CYJFLvK5X9AOeH4KvDvhIfm0vV1GaQRtchnG0hgK5p8hw/xjv8cunWYCsiPCSDzObPyhEwq3KQ=="],

    "@libp2p/interface-peer-id/multiformats": ["multiformats@11.0.2", "", {}, "sha512-b5mYMkOkARIuVZCpvijFj9a6m5wMVLC7cf/jIPd5D/ARDOfLC5+IFkbgDXQgcU2goIsTD/O9NY4DI/Mt4OGvlg=="],

    "@libp2p/logger/@multiformats/multiaddr": ["@multiformats/multiaddr@12.5.1", "", { "dependencies": { "@chainsafe/is-ip": "^2.0.1", "@chainsafe/netmask": "^2.0.0", "@multiformats/dns": "^1.0.3", "abort-error": "^1.0.1", "multiformats": "^13.0.0", "uint8-varint": "^2.0.1", "uint8arrays": "^5.0.0" } }, "sha512-+DDlr9LIRUS8KncI1TX/FfUn8F2dl6BIxJgshS/yFQCNB5IAF0OGzcwB39g5NLE22s4qqDePv0Qof6HdpJ/4aQ=="],

    "@libp2p/logger/interface-datastore": ["interface-datastore@8.3.2", "", { "dependencies": { "interface-store": "^6.0.0", "uint8arrays": "^5.1.0" } }, "sha512-R3NLts7pRbJKc3qFdQf+u40hK8XWc0w4Qkx3OFEstC80VoaDUABY/dXA2EJPhtNC+bsrf41Ehvqb6+pnIclyRA=="],

    "@libp2p/logger/multiformats": ["multiformats@11.0.2", "", {}, "sha512-b5mYMkOkARIuVZCpvijFj9a6m5wMVLC7cf/jIPd5D/ARDOfLC5+IFkbgDXQgcU2goIsTD/O9NY4DI/Mt4OGvlg=="],

    "@libp2p/utils/@libp2p/logger": ["@libp2p/logger@6.2.2", "", { "dependencies": { "@libp2p/interface": "^3.1.0", "@multiformats/multiaddr": "^13.0.1", "interface-datastore": "^9.0.1", "multiformats": "^13.4.0", "weald": "^1.1.0" } }, "sha512-XtanXDT+TuMuZoCK760HGV1AmJsZbwAw5AiRUxWDbsZPwAroYq64nb41AHRu9Gyc0TK9YD+p72+5+FIxbw0hzw=="],

    "@libp2p/webrtc-star-signalling-server/@multiformats/multiaddr": ["@multiformats/multiaddr@12.5.1", "", { "dependencies": { "@chainsafe/is-ip": "^2.0.1", "@chainsafe/netmask": "^2.0.0", "@multiformats/dns": "^1.0.3", "abort-error": "^1.0.1", "multiformats": "^13.0.0", "uint8-varint": "^2.0.1", "uint8arrays": "^5.0.0" } }, "sha512-+DDlr9LIRUS8KncI1TX/FfUn8F2dl6BIxJgshS/yFQCNB5IAF0OGzcwB39g5NLE22s4qqDePv0Qof6HdpJ/4aQ=="],

    "datastore-core/@libp2p/logger": ["@libp2p/logger@6.2.2", "", { "dependencies": { "@libp2p/interface": "^3.1.0", "@multiformats/multiaddr": "^13.0.1", "interface-datastore": "^9.0.1", "multiformats": "^13.4.0", "weald": "^1.1.0" } }, "sha512-XtanXDT+TuMuZoCK760HGV1AmJsZbwAw5AiRUxWDbsZPwAroYq64nb41AHRu9Gyc0TK9YD+p72+5+FIxbw0hzw=="],

    "engine.io/ws": ["ws@8.17.1", "", { "peerDependencies": { "bufferutil": "^4.0.1", "utf-8-validate": ">=5.0.2" }, "optionalPeers": ["bufferutil", "utf-8-validate"] }, "sha512-6XQFvXTkbfUOZOKKILFG1PDK2NDQs4azKQl26T0YS5CxqWLgXajbPZ+h4gZekJyRqFU8pvnbAbbs/3TgRPy+GQ=="],

    "engine.io-client/ws": ["ws@8.17.1", "", { "peerDependencies": { "bufferutil": "^4.0.1", "utf-8-validate": ">=5.0.2" }, "optionalPeers": ["bufferutil", "utf-8-validate"] }, "sha512-6XQFvXTkbfUOZOKKILFG1PDK2NDQs4azKQl26T0YS5CxqWLgXajbPZ+h4gZekJyRqFU8pvnbAbbs/3TgRPy+GQ=="],

    "it-queue/race-signal": ["race-signal@1.1.3", "", {}, "sha512-Mt2NznMgepLfORijhQMncE26IhkmjEphig+/1fKC0OtaKwys/gpvpmswSjoN01SS+VO951mj0L4VIDXdXsjnfA=="],

    "it-queueless-pushable/race-signal": ["race-signal@1.1.3", "", {}, "sha512-Mt2NznMgepLfORijhQMncE26IhkmjEphig+/1fKC0OtaKwys/gpvpmswSjoN01SS+VO951mj0L4VIDXdXsjnfA=="],

    "libp2p/@libp2p/logger": ["@libp2p/logger@6.2.2", "", { "dependencies": { "@libp2p/interface": "^3.1.0", "@multiformats/multiaddr": "^13.0.1", "interface-datastore": "^9.0.1", "multiformats": "^13.4.0", "weald": "^1.1.0" } }, "sha512-XtanXDT+TuMuZoCK760HGV1AmJsZbwAw5AiRUxWDbsZPwAroYq64nb41AHRu9Gyc0TK9YD+p72+5+FIxbw0hzw=="],

    "p-queue/p-timeout": ["p-timeout@7.0.1", "", {}, "sha512-AxTM2wDGORHGEkPCt8yqxOTMgpfbEHqF51f/5fJCmwFC3C/zNcGT63SymH2ttOAaiIws2zVg4+izQCjrakcwHg=="],

    "socket.io-adapter/ws": ["ws@8.17.1", "", { "peerDependencies": { "bufferutil": "^4.0.1", "utf-8-validate": ">=5.0.2" }, "optionalPeers": ["bufferutil", "utf-8-validate"] }, "sha512-6XQFvXTkbfUOZOKKILFG1PDK2NDQs4azKQl26T0YS5CxqWLgXajbPZ+h4gZekJyRqFU8pvnbAbbs/3TgRPy+GQ=="],

    "weald/ms": ["ms@3.0.0-canary.202508261828", "", {}, "sha512-NotsCoUCIUkojWCzQff4ttdCfIPoA1UGZsyQbi7KmqkNRfKCrvga8JJi2PknHymHOuor0cJSn/ylj52Cbt2IrQ=="],

    "@libp2p/logger/@multiformats/multiaddr/multiformats": ["multiformats@13.4.1", "", {}, "sha512-VqO6OSvLrFVAYYjgsr8tyv62/rCQhPgsZUXLTqoFLSgdkgiUYKYeArbt1uWLlEpkjxQe+P0+sHlbPEte1Bi06Q=="],

    "@libp2p/logger/interface-datastore/interface-store": ["interface-store@6.0.3", "", {}, "sha512-+WvfEZnFUhRwFxgz+QCQi7UC6o9AM0EHM9bpIe2Nhqb100NHCsTvNAn4eJgvgV2/tmLo1MP9nGxQKEcZTAueLA=="],
  }
}
